// !$*UTF8*$!
{
	archiveVersion = 1;
	classes = {
	};
	objectVersion = 56;
	objects = {

/* Begin PBXBuildFile section */
		45206BAF2949FB6A00F45E6B /* TouchDownApp.swift in Sources */ = {isa = PBXBuildFile; fileRef = 45206BAE2949FB6A00F45E6B /* TouchDownApp.swift */; };
		45206BB12949FB6A00F45E6B /* ContentView.swift in Sources */ = {isa = PBXBuildFile; fileRef = 45206BB02949FB6A00F45E6B /* ContentView.swift */; };
		45206BB32949FB6C00F45E6B /* Assets.xcassets in Resources */ = {isa = PBXBuildFile; fileRef = 45206BB22949FB6C00F45E6B /* Assets.xcassets */; };
		45206BB62949FB6C00F45E6B /* Preview Assets.xcassets in Resources */ = {isa = PBXBuildFile; fileRef = 45206BB52949FB6C00F45E6B /* Preview Assets.xcassets */; };
		45206BC02949FCBC00F45E6B /* product.json in Resources */ = {isa = PBXBuildFile; fileRef = 45206BBC2949FCBC00F45E6B /* product.json */; };
		45206BC12949FCBC00F45E6B /* player.json in Resources */ = {isa = PBXBuildFile; fileRef = 45206BBD2949FCBC00F45E6B /* player.json */; };
		45206BC22949FCBC00F45E6B /* brand.json in Resources */ = {isa = PBXBuildFile; fileRef = 45206BBE2949FCBC00F45E6B /* brand.json */; };
		45206BC32949FCBC00F45E6B /* category.json in Resources */ = {isa = PBXBuildFile; fileRef = 45206BBF2949FCBC00F45E6B /* category.json */; };
		45206BCE2949FE8D00F45E6B /* Constants.swift in Sources */ = {isa = PBXBuildFile; fileRef = 45206BCD2949FE8D00F45E6B /* Constants.swift */; };
		45206BD02949FEEE00F45E6B /* Color+Extension.swift in Sources */ = {isa = PBXBuildFile; fileRef = 45206BCF2949FEEE00F45E6B /* Color+Extension.swift */; };
		45206BD22949FF6B00F45E6B /* FooterView.swift in Sources */ = {isa = PBXBuildFile; fileRef = 45206BD12949FF6B00F45E6B /* FooterView.swift */; };
		45206BD4294AA64200F45E6B /* NavigationBarView.swift in Sources */ = {isa = PBXBuildFile; fileRef = 45206BD3294AA64200F45E6B /* NavigationBarView.swift */; };
		45206BD6294AB11300F45E6B /* LogoView.swift in Sources */ = {isa = PBXBuildFile; fileRef = 45206BD5294AB11300F45E6B /* LogoView.swift */; };
		45206BD8294AB7E900F45E6B /* PlayerModel.swift in Sources */ = {isa = PBXBuildFile; fileRef = 45206BD7294AB7E900F45E6B /* PlayerModel.swift */; };
		45206BDA294AB81600F45E6B /* Bundle+Extension.swift in Sources */ = {isa = PBXBuildFile; fileRef = 45206BD9294AB81600F45E6B /* Bundle+Extension.swift */; };
		45206BDC294ABD6400F45E6B /* FeaturedItemView.swift in Sources */ = {isa = PBXBuildFile; fileRef = 45206BDB294ABD6400F45E6B /* FeaturedItemView.swift */; };
		45206BDE294AC03800F45E6B /* FeaturedTabView.swift in Sources */ = {isa = PBXBuildFile; fileRef = 45206BDD294AC03800F45E6B /* FeaturedTabView.swift */; };
		45206BE0294AF61200F45E6B /* CategoryModel.swift in Sources */ = {isa = PBXBuildFile; fileRef = 45206BDF294AF61200F45E6B /* CategoryModel.swift */; };
		45206BE4294B0AD900F45E6B /* CategoryItemView.swift in Sources */ = {isa = PBXBuildFile; fileRef = 45206BE3294B0AD900F45E6B /* CategoryItemView.swift */; };
		45206BE6294B0F8600F45E6B /* CategoryGridView.swift in Sources */ = {isa = PBXBuildFile; fileRef = 45206BE5294B0F8600F45E6B /* CategoryGridView.swift */; };
		45206BE8294B144500F45E6B /* SectionView.swift in Sources */ = {isa = PBXBuildFile; fileRef = 45206BE7294B144500F45E6B /* SectionView.swift */; };
		456E88CC294B1AA6002A4BCF /* TitleView.swift in Sources */ = {isa = PBXBuildFile; fileRef = 456E88CB294B1AA6002A4BCF /* TitleView.swift */; };
		456E88CE294B3569002A4BCF /* ProductModel.swift in Sources */ = {isa = PBXBuildFile; fileRef = 456E88CD294B3569002A4BCF /* ProductModel.swift */; };
		456E88D0294B35CD002A4BCF /* ProductItemView.swift in Sources */ = {isa = PBXBuildFile; fileRef = 456E88CF294B35CD002A4BCF /* ProductItemView.swift */; };
		456E88D2294B45AB002A4BCF /* BrandModel.swift in Sources */ = {isa = PBXBuildFile; fileRef = 456E88D1294B45AB002A4BCF /* BrandModel.swift */; };
		456E88D4294B45FE002A4BCF /* BrandItemView.swift in Sources */ = {isa = PBXBuildFile; fileRef = 456E88D3294B45FE002A4BCF /* BrandItemView.swift */; };
		456E88D6294B46F5002A4BCF /* BrandGridView.swift in Sources */ = {isa = PBXBuildFile; fileRef = 456E88D5294B46F5002A4BCF /* BrandGridView.swift */; };
		456E88D8294C3FA6002A4BCF /* ProductDetailView.swift in Sources */ = {isa = PBXBuildFile; fileRef = 456E88D7294C3FA6002A4BCF /* ProductDetailView.swift */; };
		456E88DA294C4149002A4BCF /* NavigationBarDetailView.swift in Sources */ = {isa = PBXBuildFile; fileRef = 456E88D9294C4149002A4BCF /* NavigationBarDetailView.swift */; };
		456E88DC294C4232002A4BCF /* HeaderDetailView.swift in Sources */ = {isa = PBXBuildFile; fileRef = 456E88DB294C4232002A4BCF /* HeaderDetailView.swift */; };
		456E88DE294C42F6002A4BCF /* TopPartDetailView.swift in Sources */ = {isa = PBXBuildFile; fileRef = 456E88DD294C42F6002A4BCF /* TopPartDetailView.swift */; };
		456E88E0294C482D002A4BCF /* CustomShape.swift in Sources */ = {isa = PBXBuildFile; fileRef = 456E88DF294C482D002A4BCF /* CustomShape.swift */; };
		456E88E2294C5DAB002A4BCF /* RatingSizesDetailView.swift in Sources */ = {isa = PBXBuildFile; fileRef = 456E88E1294C5DAB002A4BCF /* RatingSizesDetailView.swift */; };
		456E88E4294C61EF002A4BCF /* QuantityFavouriteDetailView.swift in Sources */ = {isa = PBXBuildFile; fileRef = 456E88E3294C61EF002A4BCF /* QuantityFavouriteDetailView.swift */; };
		456E88E6294C63C4002A4BCF /* AddToCartDetailView.swift in Sources */ = {isa = PBXBuildFile; fileRef = 456E88E5294C63C4002A4BCF /* AddToCartDetailView.swift */; };
/* End PBXBuildFile section */

/* Begin PBXFileReference section */
		45206BAB2949FB6A00F45E6B /* TouchDown.app */ = {isa = PBXFileReference; explicitFileType = wrapper.application; includeInIndex = 0; path = TouchDown.app; sourceTree = BUILT_PRODUCTS_DIR; };
		45206BAE2949FB6A00F45E6B /* TouchDownApp.swift */ = {isa = PBXFileReference; lastKnownFileType = sourcecode.swift; path = TouchDownApp.swift; sourceTree = "<group>"; };
		45206BB02949FB6A00F45E6B /* ContentView.swift */ = {isa = PBXFileReference; lastKnownFileType = sourcecode.swift; path = ContentView.swift; sourceTree = "<group>"; };
		45206BB22949FB6C00F45E6B /* Assets.xcassets */ = {isa = PBXFileReference; lastKnownFileType = folder.assetcatalog; path = Assets.xcassets; sourceTree = "<group>"; };
		45206BB52949FB6C00F45E6B /* Preview Assets.xcassets */ = {isa = PBXFileReference; lastKnownFileType = folder.assetcatalog; path = "Preview Assets.xcassets"; sourceTree = "<group>"; };
		45206BBC2949FCBC00F45E6B /* product.json */ = {isa = PBXFileReference; fileEncoding = 4; lastKnownFileType = text.json; path = product.json; sourceTree = "<group>"; };
		45206BBD2949FCBC00F45E6B /* player.json */ = {isa = PBXFileReference; fileEncoding = 4; lastKnownFileType = text.json; path = player.json; sourceTree = "<group>"; };
		45206BBE2949FCBC00F45E6B /* brand.json */ = {isa = PBXFileReference; fileEncoding = 4; lastKnownFileType = text.json; path = brand.json; sourceTree = "<group>"; };
		45206BBF2949FCBC00F45E6B /* category.json */ = {isa = PBXFileReference; fileEncoding = 4; lastKnownFileType = text.json; path = category.json; sourceTree = "<group>"; };
		45206BC52949FD5600F45E6B /* Info.plist */ = {isa = PBXFileReference; lastKnownFileType = text.plist; path = Info.plist; sourceTree = "<group>"; };
		45206BCD2949FE8D00F45E6B /* Constants.swift */ = {isa = PBXFileReference; lastKnownFileType = sourcecode.swift; path = Constants.swift; sourceTree = "<group>"; };
		45206BCF2949FEEE00F45E6B /* Color+Extension.swift */ = {isa = PBXFileReference; lastKnownFileType = sourcecode.swift; path = "Color+Extension.swift"; sourceTree = "<group>"; };
		45206BD12949FF6B00F45E6B /* FooterView.swift */ = {isa = PBXFileReference; lastKnownFileType = sourcecode.swift; path = FooterView.swift; sourceTree = "<group>"; };
		45206BD3294AA64200F45E6B /* NavigationBarView.swift */ = {isa = PBXFileReference; lastKnownFileType = sourcecode.swift; path = NavigationBarView.swift; sourceTree = "<group>"; };
		45206BD5294AB11300F45E6B /* LogoView.swift */ = {isa = PBXFileReference; lastKnownFileType = sourcecode.swift; path = LogoView.swift; sourceTree = "<group>"; };
		45206BD7294AB7E900F45E6B /* PlayerModel.swift */ = {isa = PBXFileReference; lastKnownFileType = sourcecode.swift; path = PlayerModel.swift; sourceTree = "<group>"; };
		45206BD9294AB81600F45E6B /* Bundle+Extension.swift */ = {isa = PBXFileReference; lastKnownFileType = sourcecode.swift; path = "Bundle+Extension.swift"; sourceTree = "<group>"; };
		45206BDB294ABD6400F45E6B /* FeaturedItemView.swift */ = {isa = PBXFileReference; lastKnownFileType = sourcecode.swift; path = FeaturedItemView.swift; sourceTree = "<group>"; };
		45206BDD294AC03800F45E6B /* FeaturedTabView.swift */ = {isa = PBXFileReference; lastKnownFileType = sourcecode.swift; path = FeaturedTabView.swift; sourceTree = "<group>"; };
		45206BDF294AF61200F45E6B /* CategoryModel.swift */ = {isa = PBXFileReference; lastKnownFileType = sourcecode.swift; path = CategoryModel.swift; sourceTree = "<group>"; };
		45206BE3294B0AD900F45E6B /* CategoryItemView.swift */ = {isa = PBXFileReference; lastKnownFileType = sourcecode.swift; path = CategoryItemView.swift; sourceTree = "<group>"; };
		45206BE5294B0F8600F45E6B /* CategoryGridView.swift */ = {isa = PBXFileReference; lastKnownFileType = sourcecode.swift; path = CategoryGridView.swift; sourceTree = "<group>"; };
		45206BE7294B144500F45E6B /* SectionView.swift */ = {isa = PBXFileReference; lastKnownFileType = sourcecode.swift; path = SectionView.swift; sourceTree = "<group>"; };
		456E88CB294B1AA6002A4BCF /* TitleView.swift */ = {isa = PBXFileReference; lastKnownFileType = sourcecode.swift; path = TitleView.swift; sourceTree = "<group>"; };
		456E88CD294B3569002A4BCF /* ProductModel.swift */ = {isa = PBXFileReference; lastKnownFileType = sourcecode.swift; path = ProductModel.swift; sourceTree = "<group>"; };
		456E88CF294B35CD002A4BCF /* ProductItemView.swift */ = {isa = PBXFileReference; lastKnownFileType = sourcecode.swift; path = ProductItemView.swift; sourceTree = "<group>"; };
		456E88D1294B45AB002A4BCF /* BrandModel.swift */ = {isa = PBXFileReference; lastKnownFileType = sourcecode.swift; path = BrandModel.swift; sourceTree = "<group>"; };
		456E88D3294B45FE002A4BCF /* BrandItemView.swift */ = {isa = PBXFileReference; lastKnownFileType = sourcecode.swift; path = BrandItemView.swift; sourceTree = "<group>"; };
		456E88D5294B46F5002A4BCF /* BrandGridView.swift */ = {isa = PBXFileReference; lastKnownFileType = sourcecode.swift; path = BrandGridView.swift; sourceTree = "<group>"; };
		456E88D7294C3FA6002A4BCF /* ProductDetailView.swift */ = {isa = PBXFileReference; lastKnownFileType = sourcecode.swift; path = ProductDetailView.swift; sourceTree = "<group>"; };
		456E88D9294C4149002A4BCF /* NavigationBarDetailView.swift */ = {isa = PBXFileReference; lastKnownFileType = sourcecode.swift; path = NavigationBarDetailView.swift; sourceTree = "<group>"; };
		456E88DB294C4232002A4BCF /* HeaderDetailView.swift */ = {isa = PBXFileReference; lastKnownFileType = sourcecode.swift; path = HeaderDetailView.swift; sourceTree = "<group>"; };
		456E88DD294C42F6002A4BCF /* TopPartDetailView.swift */ = {isa = PBXFileReference; lastKnownFileType = sourcecode.swift; path = TopPartDetailView.swift; sourceTree = "<group>"; };
		456E88DF294C482D002A4BCF /* CustomShape.swift */ = {isa = PBXFileReference; lastKnownFileType = sourcecode.swift; path = CustomShape.swift; sourceTree = "<group>"; };
		456E88E1294C5DAB002A4BCF /* RatingSizesDetailView.swift */ = {isa = PBXFileReference; lastKnownFileType = sourcecode.swift; path = RatingSizesDetailView.swift; sourceTree = "<group>"; };
		456E88E3294C61EF002A4BCF /* QuantityFavouriteDetailView.swift */ = {isa = PBXFileReference; lastKnownFileType = sourcecode.swift; path = QuantityFavouriteDetailView.swift; sourceTree = "<group>"; };
		456E88E5294C63C4002A4BCF /* AddToCartDetailView.swift */ = {isa = PBXFileReference; lastKnownFileType = sourcecode.swift; path = AddToCartDetailView.swift; sourceTree = "<group>"; };
/* End PBXFileReference section */

/* Begin PBXFrameworksBuildPhase section */
		45206BA82949FB6A00F45E6B /* Frameworks */ = {
			isa = PBXFrameworksBuildPhase;
			buildActionMask = 2147483647;
			files = (
			);
			runOnlyForDeploymentPostprocessing = 0;
		};
/* End PBXFrameworksBuildPhase section */

/* Begin PBXGroup section */
		45206BA22949FB6A00F45E6B = {
			isa = PBXGroup;
			children = (
				45206BAD2949FB6A00F45E6B /* TouchDown */,
				45206BAC2949FB6A00F45E6B /* Products */,
			);
			sourceTree = "<group>";
		};
		45206BAC2949FB6A00F45E6B /* Products */ = {
			isa = PBXGroup;
			children = (
				45206BAB2949FB6A00F45E6B /* TouchDown.app */,
			);
			name = Products;
			sourceTree = "<group>";
		};
		45206BAD2949FB6A00F45E6B /* TouchDown */ = {
			isa = PBXGroup;
			children = (
				45206BC52949FD5600F45E6B /* Info.plist */,
				45206BCB2949FE5200F45E6B /* Extension */,
				45206BCA2949FE4D00F45E6B /* Utils */,
				45206BCC2949FE5A00F45E6B /* Model */,
				45206BC72949FE3200F45E6B /* View */,
				45206BC62949FDF300F45E6B /* App */,
				45206BC42949FCCE00F45E6B /* Data */,
				45206BB22949FB6C00F45E6B /* Assets.xcassets */,
				45206BB42949FB6C00F45E6B /* Preview Content */,
			);
			path = TouchDown;
			sourceTree = "<group>";
		};
		45206BB42949FB6C00F45E6B /* Preview Content */ = {
			isa = PBXGroup;
			children = (
				45206BB52949FB6C00F45E6B /* Preview Assets.xcassets */,
			);
			path = "Preview Content";
			sourceTree = "<group>";
		};
		45206BC42949FCCE00F45E6B /* Data */ = {
			isa = PBXGroup;
			children = (
				45206BBE2949FCBC00F45E6B /* brand.json */,
				45206BBF2949FCBC00F45E6B /* category.json */,
				45206BBD2949FCBC00F45E6B /* player.json */,
				45206BBC2949FCBC00F45E6B /* product.json */,
			);
			path = Data;
			sourceTree = "<group>";
		};
		45206BC62949FDF300F45E6B /* App */ = {
			isa = PBXGroup;
			children = (
				45206BAE2949FB6A00F45E6B /* TouchDownApp.swift */,
				45206BB02949FB6A00F45E6B /* ContentView.swift */,
				456E88D7294C3FA6002A4BCF /* ProductDetailView.swift */,
			);
			path = App;
			sourceTree = "<group>";
		};
		45206BC72949FE3200F45E6B /* View */ = {
			isa = PBXGroup;
			children = (
				45206BC82949FE3E00F45E6B /* Home */,
				45206BC92949FE4400F45E6B /* Detail */,
			);
			path = View;
			sourceTree = "<group>";
		};
		45206BC82949FE3E00F45E6B /* Home */ = {
			isa = PBXGroup;
			children = (
				45206BD12949FF6B00F45E6B /* FooterView.swift */,
				45206BD3294AA64200F45E6B /* NavigationBarView.swift */,
				45206BD5294AB11300F45E6B /* LogoView.swift */,
				45206BDB294ABD6400F45E6B /* FeaturedItemView.swift */,
				45206BDD294AC03800F45E6B /* FeaturedTabView.swift */,
				45206BE3294B0AD900F45E6B /* CategoryItemView.swift */,
				45206BE5294B0F8600F45E6B /* CategoryGridView.swift */,
				45206BE7294B144500F45E6B /* SectionView.swift */,
				456E88CB294B1AA6002A4BCF /* TitleView.swift */,
				456E88CF294B35CD002A4BCF /* ProductItemView.swift */,
				456E88D3294B45FE002A4BCF /* BrandItemView.swift */,
				456E88D5294B46F5002A4BCF /* BrandGridView.swift */,
			);
			path = Home;
			sourceTree = "<group>";
		};
		45206BC92949FE4400F45E6B /* Detail */ = {
			isa = PBXGroup;
			children = (
				456E88D9294C4149002A4BCF /* NavigationBarDetailView.swift */,
				456E88DB294C4232002A4BCF /* HeaderDetailView.swift */,
				456E88DD294C42F6002A4BCF /* TopPartDetailView.swift */,
				456E88E1294C5DAB002A4BCF /* RatingSizesDetailView.swift */,
				456E88E3294C61EF002A4BCF /* QuantityFavouriteDetailView.swift */,
				456E88E5294C63C4002A4BCF /* AddToCartDetailView.swift */,
			);
			path = Detail;
			sourceTree = "<group>";
		};
		45206BCA2949FE4D00F45E6B /* Utils */ = {
			isa = PBXGroup;
			children = (
				45206BCD2949FE8D00F45E6B /* Constants.swift */,
				456E88DF294C482D002A4BCF /* CustomShape.swift */,
			);
			path = Utils;
			sourceTree = "<group>";
		};
		45206BCB2949FE5200F45E6B /* Extension */ = {
			isa = PBXGroup;
			children = (
				45206BCF2949FEEE00F45E6B /* Color+Extension.swift */,
				45206BD9294AB81600F45E6B /* Bundle+Extension.swift */,
			);
			path = Extension;
			sourceTree = "<group>";
		};
		45206BCC2949FE5A00F45E6B /* Model */ = {
			isa = PBXGroup;
			children = (
				45206BD7294AB7E900F45E6B /* PlayerModel.swift */,
				45206BDF294AF61200F45E6B /* CategoryModel.swift */,
				456E88CD294B3569002A4BCF /* ProductModel.swift */,
				456E88D1294B45AB002A4BCF /* BrandModel.swift */,
			);
			path = Model;
			sourceTree = "<group>";
		};
/* End PBXGroup section */

/* Begin PBXNativeTarget section */
		45206BAA2949FB6A00F45E6B /* TouchDown */ = {
			isa = PBXNativeTarget;
			buildConfigurationList = 45206BB92949FB6C00F45E6B /* Build configuration list for PBXNativeTarget "TouchDown" */;
			buildPhases = (
				45206BA72949FB6A00F45E6B /* Sources */,
				45206BA82949FB6A00F45E6B /* Frameworks */,
				45206BA92949FB6A00F45E6B /* Resources */,
			);
			buildRules = (
			);
			dependencies = (
			);
			name = TouchDown;
			productName = TouchDown;
			productReference = 45206BAB2949FB6A00F45E6B /* TouchDown.app */;
			productType = "com.apple.product-type.application";
		};
/* End PBXNativeTarget section */

/* Begin PBXProject section */
		45206BA32949FB6A00F45E6B /* Project object */ = {
			isa = PBXProject;
			attributes = {
				BuildIndependentTargetsInParallel = 1;
				LastSwiftUpdateCheck = 1410;
				LastUpgradeCheck = 1410;
				TargetAttributes = {
					45206BAA2949FB6A00F45E6B = {
						CreatedOnToolsVersion = 14.1;
					};
				};
			};
			buildConfigurationList = 45206BA62949FB6A00F45E6B /* Build configuration list for PBXProject "TouchDown" */;
			compatibilityVersion = "Xcode 14.0";
			developmentRegion = en;
			hasScannedForEncodings = 0;
			knownRegions = (
				en,
				Base,
			);
			mainGroup = 45206BA22949FB6A00F45E6B;
			productRefGroup = 45206BAC2949FB6A00F45E6B /* Products */;
			projectDirPath = "";
			projectRoot = "";
			targets = (
				45206BAA2949FB6A00F45E6B /* TouchDown */,
			);
		};
/* End PBXProject section */

/* Begin PBXResourcesBuildPhase section */
		45206BA92949FB6A00F45E6B /* Resources */ = {
			isa = PBXResourcesBuildPhase;
			buildActionMask = 2147483647;
			files = (
				45206BC12949FCBC00F45E6B /* player.json in Resources */,
				45206BC22949FCBC00F45E6B /* brand.json in Resources */,
				45206BB62949FB6C00F45E6B /* Preview Assets.xcassets in Resources */,
				45206BC32949FCBC00F45E6B /* category.json in Resources */,
				45206BB32949FB6C00F45E6B /* Assets.xcassets in Resources */,
				45206BC02949FCBC00F45E6B /* product.json in Resources */,
			);
			runOnlyForDeploymentPostprocessing = 0;
		};
/* End PBXResourcesBuildPhase section */

/* Begin PBXSourcesBuildPhase section */
		45206BA72949FB6A00F45E6B /* Sources */ = {
			isa = PBXSourcesBuildPhase;
			buildActionMask = 2147483647;
			files = (
				45206BE6294B0F8600F45E6B /* CategoryGridView.swift in Sources */,
				45206BB12949FB6A00F45E6B /* ContentView.swift in Sources */,
				45206BE8294B144500F45E6B /* SectionView.swift in Sources */,
				456E88CE294B3569002A4BCF /* ProductModel.swift in Sources */,
				45206BE0294AF61200F45E6B /* CategoryModel.swift in Sources */,
				45206BDA294AB81600F45E6B /* Bundle+Extension.swift in Sources */,
				456E88E4294C61EF002A4BCF /* QuantityFavouriteDetailView.swift in Sources */,
				45206BAF2949FB6A00F45E6B /* TouchDownApp.swift in Sources */,
				456E88D6294B46F5002A4BCF /* BrandGridView.swift in Sources */,
				456E88DC294C4232002A4BCF /* HeaderDetailView.swift in Sources */,
				456E88E6294C63C4002A4BCF /* AddToCartDetailView.swift in Sources */,
				456E88DE294C42F6002A4BCF /* TopPartDetailView.swift in Sources */,
				45206BD8294AB7E900F45E6B /* PlayerModel.swift in Sources */,
				456E88CC294B1AA6002A4BCF /* TitleView.swift in Sources */,
				456E88E0294C482D002A4BCF /* CustomShape.swift in Sources */,
				456E88DA294C4149002A4BCF /* NavigationBarDetailView.swift in Sources */,
				456E88D0294B35CD002A4BCF /* ProductItemView.swift in Sources */,
				45206BD4294AA64200F45E6B /* NavigationBarView.swift in Sources */,
				45206BCE2949FE8D00F45E6B /* Constants.swift in Sources */,
				456E88D8294C3FA6002A4BCF /* ProductDetailView.swift in Sources */,
				456E88E2294C5DAB002A4BCF /* RatingSizesDetailView.swift in Sources */,
				45206BDE294AC03800F45E6B /* FeaturedTabView.swift in Sources */,
				45206BD6294AB11300F45E6B /* LogoView.swift in Sources */,
				45206BDC294ABD6400F45E6B /* FeaturedItemView.swift in Sources */,
				456E88D4294B45FE002A4BCF /* BrandItemView.swift in Sources */,
				45206BE4294B0AD900F45E6B /* CategoryItemView.swift in Sources */,
				45206BD22949FF6B00F45E6B /* FooterView.swift in Sources */,
				45206BD02949FEEE00F45E6B /* Color+Extension.swift in Sources */,
				456E88D2294B45AB002A4BCF /* BrandModel.swift in Sources */,
			);
			runOnlyForDeploymentPostprocessing = 0;
		};
/* End PBXSourcesBuildPhase section */

/* Begin XCBuildConfiguration section */
		45206BB72949FB6C00F45E6B /* Debug */ = {
			isa = XCBuildConfiguration;
			buildSettings = {
				ALWAYS_SEARCH_USER_PATHS = NO;
				CLANG_ANALYZER_NONNULL = YES;
				CLANG_ANALYZER_NUMBER_OBJECT_CONVERSION = YES_AGGRESSIVE;
				CLANG_CXX_LANGUAGE_STANDARD = "gnu++20";
				CLANG_ENABLE_MODULES = YES;
				CLANG_ENABLE_OBJC_ARC = YES;
				CLANG_ENABLE_OBJC_WEAK = YES;
				CLANG_WARN_BLOCK_CAPTURE_AUTORELEASING = YES;
				CLANG_WARN_BOOL_CONVERSION = YES;
				CLANG_WARN_COMMA = YES;
				CLANG_WARN_CONSTANT_CONVERSION = YES;
				CLANG_WARN_DEPRECATED_OBJC_IMPLEMENTATIONS = YES;
				CLANG_WARN_DIRECT_OBJC_ISA_USAGE = YES_ERROR;
				CLANG_WARN_DOCUMENTATION_COMMENTS = YES;
				CLANG_WARN_EMPTY_BODY = YES;
				CLANG_WARN_ENUM_CONVERSION = YES;
				CLANG_WARN_INFINITE_RECURSION = YES;
				CLANG_WARN_INT_CONVERSION = YES;
				CLANG_WARN_NON_LITERAL_NULL_CONVERSION = YES;
				CLANG_WARN_OBJC_IMPLICIT_RETAIN_SELF = YES;
				CLANG_WARN_OBJC_LITERAL_CONVERSION = YES;
				CLANG_WARN_OBJC_ROOT_CLASS = YES_ERROR;
				CLANG_WARN_QUOTED_INCLUDE_IN_FRAMEWORK_HEADER = YES;
				CLANG_WARN_RANGE_LOOP_ANALYSIS = YES;
				CLANG_WARN_STRICT_PROTOTYPES = YES;
				CLANG_WARN_SUSPICIOUS_MOVE = YES;
				CLANG_WARN_UNGUARDED_AVAILABILITY = YES_AGGRESSIVE;
				CLANG_WARN_UNREACHABLE_CODE = YES;
				CLANG_WARN__DUPLICATE_METHOD_MATCH = YES;
				COPY_PHASE_STRIP = NO;
				DEBUG_INFORMATION_FORMAT = dwarf;
				ENABLE_STRICT_OBJC_MSGSEND = YES;
				ENABLE_TESTABILITY = YES;
				GCC_C_LANGUAGE_STANDARD = gnu11;
				GCC_DYNAMIC_NO_PIC = NO;
				GCC_NO_COMMON_BLOCKS = YES;
				GCC_OPTIMIZATION_LEVEL = 0;
				GCC_PREPROCESSOR_DEFINITIONS = (
					"DEBUG=1",
					"$(inherited)",
				);
				GCC_WARN_64_TO_32_BIT_CONVERSION = YES;
				GCC_WARN_ABOUT_RETURN_TYPE = YES_ERROR;
				GCC_WARN_UNDECLARED_SELECTOR = YES;
				GCC_WARN_UNINITIALIZED_AUTOS = YES_AGGRESSIVE;
				GCC_WARN_UNUSED_FUNCTION = YES;
				GCC_WARN_UNUSED_VARIABLE = YES;
				IPHONEOS_DEPLOYMENT_TARGET = 16.1;
				MTL_ENABLE_DEBUG_INFO = INCLUDE_SOURCE;
				MTL_FAST_MATH = YES;
				ONLY_ACTIVE_ARCH = YES;
				SDKROOT = iphoneos;
				SWIFT_ACTIVE_COMPILATION_CONDITIONS = DEBUG;
				SWIFT_OPTIMIZATION_LEVEL = "-Onone";
			};
			name = Debug;
		};
		45206BB82949FB6C00F45E6B /* Release */ = {
			isa = XCBuildConfiguration;
			buildSettings = {
				ALWAYS_SEARCH_USER_PATHS = NO;
				CLANG_ANALYZER_NONNULL = YES;
				CLANG_ANALYZER_NUMBER_OBJECT_CONVERSION = YES_AGGRESSIVE;
				CLANG_CXX_LANGUAGE_STANDARD = "gnu++20";
				CLANG_ENABLE_MODULES = YES;
				CLANG_ENABLE_OBJC_ARC = YES;
				CLANG_ENABLE_OBJC_WEAK = YES;
				CLANG_WARN_BLOCK_CAPTURE_AUTORELEASING = YES;
				CLANG_WARN_BOOL_CONVERSION = YES;
				CLANG_WARN_COMMA = YES;
				CLANG_WARN_CONSTANT_CONVERSION = YES;
				CLANG_WARN_DEPRECATED_OBJC_IMPLEMENTATIONS = YES;
				CLANG_WARN_DIRECT_OBJC_ISA_USAGE = YES_ERROR;
				CLANG_WARN_DOCUMENTATION_COMMENTS = YES;
				CLANG_WARN_EMPTY_BODY = YES;
				CLANG_WARN_ENUM_CONVERSION = YES;
				CLANG_WARN_INFINITE_RECURSION = YES;
				CLANG_WARN_INT_CONVERSION = YES;
				CLANG_WARN_NON_LITERAL_NULL_CONVERSION = YES;
				CLANG_WARN_OBJC_IMPLICIT_RETAIN_SELF = YES;
				CLANG_WARN_OBJC_LITERAL_CONVERSION = YES;
				CLANG_WARN_OBJC_ROOT_CLASS = YES_ERROR;
				CLANG_WARN_QUOTED_INCLUDE_IN_FRAMEWORK_HEADER = YES;
				CLANG_WARN_RANGE_LOOP_ANALYSIS = YES;
				CLANG_WARN_STRICT_PROTOTYPES = YES;
				CLANG_WARN_SUSPICIOUS_MOVE = YES;
				CLANG_WARN_UNGUARDED_AVAILABILITY = YES_AGGRESSIVE;
				CLANG_WARN_UNREACHABLE_CODE = YES;
				CLANG_WARN__DUPLICATE_METHOD_MATCH = YES;
				COPY_PHASE_STRIP = NO;
				DEBUG_INFORMATION_FORMAT = "dwarf-with-dsym";
				ENABLE_NS_ASSERTIONS = NO;
				ENABLE_STRICT_OBJC_MSGSEND = YES;
				GCC_C_LANGUAGE_STANDARD = gnu11;
				GCC_NO_COMMON_BLOCKS = YES;
				GCC_WARN_64_TO_32_BIT_CONVERSION = YES;
				GCC_WARN_ABOUT_RETURN_TYPE = YES_ERROR;
				GCC_WARN_UNDECLARED_SELECTOR = YES;
				GCC_WARN_UNINITIALIZED_AUTOS = YES_AGGRESSIVE;
				GCC_WARN_UNUSED_FUNCTION = YES;
				GCC_WARN_UNUSED_VARIABLE = YES;
				IPHONEOS_DEPLOYMENT_TARGET = 16.1;
				MTL_ENABLE_DEBUG_INFO = NO;
				MTL_FAST_MATH = YES;
				SDKROOT = iphoneos;
				SWIFT_COMPILATION_MODE = wholemodule;
				SWIFT_OPTIMIZATION_LEVEL = "-O";
				VALIDATE_PRODUCT = YES;
			};
			name = Release;
		};
		45206BBA2949FB6C00F45E6B /* Debug */ = {
			isa = XCBuildConfiguration;
			buildSettings = {
				ASSETCATALOG_COMPILER_APPICON_NAME = AppIcon;
				ASSETCATALOG_COMPILER_GLOBAL_ACCENT_COLOR_NAME = AccentColor;
				CODE_SIGN_STYLE = Automatic;
				CURRENT_PROJECT_VERSION = 1;
				DEVELOPMENT_ASSET_PATHS = "\"TouchDown/Preview Content\"";
				DEVELOPMENT_TEAM = 433LH3TNXX;
				ENABLE_PREVIEWS = YES;
				GENERATE_INFOPLIST_FILE = YES;
				INFOPLIST_FILE = TouchDown/Info.plist;
				INFOPLIST_KEY_UIApplicationSceneManifest_Generation = YES;
				INFOPLIST_KEY_UIApplicationSupportsIndirectInputEvents = YES;
				INFOPLIST_KEY_UISupportedInterfaceOrientations = "UIInterfaceOrientationLandscapeLeft UIInterfaceOrientationPortrait";
				INFOPLIST_KEY_UISupportedInterfaceOrientations_iPad = UIInterfaceOrientationPortrait;
				INFOPLIST_KEY_UIUserInterfaceStyle = Light;
				LD_RUNPATH_SEARCH_PATHS = (
					"$(inherited)",
					"@executable_path/Frameworks",
				);
				MARKETING_VERSION = 1.0;
				PRODUCT_BUNDLE_IDENTIFIER = com.yeonBlue.TouchDown;
				PRODUCT_NAME = "$(TARGET_NAME)";
				SWIFT_EMIT_LOC_STRINGS = YES;
				SWIFT_VERSION = 5.0;
				TARGETED_DEVICE_FAMILY = "1,2";
			};
			name = Debug;
		};
		45206BBB2949FB6C00F45E6B /* Release */ = {
			isa = XCBuildConfiguration;
			buildSettings = {
				ASSETCATALOG_COMPILER_APPICON_NAME = AppIcon;
				ASSETCATALOG_COMPILER_GLOBAL_ACCENT_COLOR_NAME = AccentColor;
				CODE_SIGN_STYLE = Automatic;
				CURRENT_PROJECT_VERSION = 1;
				DEVELOPMENT_ASSET_PATHS = "\"TouchDown/Preview Content\"";
				DEVELOPMENT_TEAM = 433LH3TNXX;
				ENABLE_PREVIEWS = YES;
				GENERATE_INFOPLIST_FILE = YES;
				INFOPLIST_FILE = TouchDown/Info.plist;
				INFOPLIST_KEY_UIApplicationSceneManifest_Generation = YES;
				INFOPLIST_KEY_UIApplicationSupportsIndirectInputEvents = YES;
				INFOPLIST_KEY_UISupportedInterfaceOrientations = "UIInterfaceOrientationLandscapeLeft UIInterfaceOrientationPortrait";
				INFOPLIST_KEY_UISupportedInterfaceOrientations_iPad = UIInterfaceOrientationPortrait;
				INFOPLIST_KEY_UIUserInterfaceStyle = Light;
				LD_RUNPATH_SEARCH_PATHS = (
					"$(inherited)",
					"@executable_path/Frameworks",
				);
				MARKETING_VERSION = 1.0;
				PRODUCT_BUNDLE_IDENTIFIER = com.yeonBlue.TouchDown;
				PRODUCT_NAME = "$(TARGET_NAME)";
				SWIFT_EMIT_LOC_STRINGS = YES;
				SWIFT_VERSION = 5.0;
				TARGETED_DEVICE_FAMILY = "1,2";
			};
			name = Release;
		};
/* End XCBuildConfiguration section */

/* Begin XCConfigurationList section */
		45206BA62949FB6A00F45E6B /* Build configuration list for PBXProject "TouchDown" */ = {
			isa = XCConfigurationList;
			buildConfigurations = (
				45206BB72949FB6C00F45E6B /* Debug */,
				45206BB82949FB6C00F45E6B /* Release */,
			);
			defaultConfigurationIsVisible = 0;
			defaultConfigurationName = Release;
		};
		45206BB92949FB6C00F45E6B /* Build configuration list for PBXNativeTarget "TouchDown" */ = {
			isa = XCConfigurationList;
			buildConfigurations = (
				45206BBA2949FB6C00F45E6B /* Debug */,
				45206BBB2949FB6C00F45E6B /* Release */,
			);
			defaultConfigurationIsVisible = 0;
			defaultConfigurationName = Release;
		};
/* End XCConfigurationList section */
	};
	rootObject = 45206BA32949FB6A00F45E6B /* Project object */;
}
