// !$*UTF8*$!
{
	archiveVersion = 1;
	classes = {
	};
	objectVersion = 56;
	objects = {

/* Begin PBXBuildFile section */
		45B52D3A2952ECAB00204D02 /* AvocadosApp.swift in Sources */ = {isa = PBXBuildFile; fileRef = 45B52D392952ECAB00204D02 /* AvocadosApp.swift */; };
		45B52D3C2952ECAB00204D02 /* ContentView.swift in Sources */ = {isa = PBXBuildFile; fileRef = 45B52D3B2952ECAB00204D02 /* ContentView.swift */; };
		45B52D3E2952ECAD00204D02 /* Assets.xcassets in Resources */ = {isa = PBXBuildFile; fileRef = 45B52D3D2952ECAD00204D02 /* Assets.xcassets */; };
		45B52D412952ECAD00204D02 /* Preview Assets.xcassets in Resources */ = {isa = PBXBuildFile; fileRef = 45B52D402952ECAD00204D02 /* Preview Assets.xcassets */; };
		45B52D482953DE9600204D02 /* LaunchScreen.storyboard in Resources */ = {isa = PBXBuildFile; fileRef = 45B52D472953DE9600204D02 /* LaunchScreen.storyboard */; };
		45B52D4D2953E37D00204D02 /* AvocadosView.swift in Sources */ = {isa = PBXBuildFile; fileRef = 45B52D4C2953E37D00204D02 /* AvocadosView.swift */; };
		45B52D4F2953E3CE00204D02 /* RipeningStagesView.swift in Sources */ = {isa = PBXBuildFile; fileRef = 45B52D4E2953E3CE00204D02 /* RipeningStagesView.swift */; };
		45B52D512953E3E600204D02 /* SettingsView.swift in Sources */ = {isa = PBXBuildFile; fileRef = 45B52D502953E3E600204D02 /* SettingsView.swift */; };
		45B52D532953E42300204D02 /* AppView.swift in Sources */ = {isa = PBXBuildFile; fileRef = 45B52D522953E42300204D02 /* AppView.swift */; };
		45B52D552953EC9300204D02 /* HeaderView.swift in Sources */ = {isa = PBXBuildFile; fileRef = 45B52D542953EC9200204D02 /* HeaderView.swift */; };
		45B52D572953F6DC00204D02 /* HeaderModel.swift in Sources */ = {isa = PBXBuildFile; fileRef = 45B52D562953F6DC00204D02 /* HeaderModel.swift */; };
		45B52D592953F70700204D02 /* HeaderData.swift in Sources */ = {isa = PBXBuildFile; fileRef = 45B52D582953F70700204D02 /* HeaderData.swift */; };
		45B52D5B2954133A00204D02 /* DishesView.swift in Sources */ = {isa = PBXBuildFile; fileRef = 45B52D5A2954133A00204D02 /* DishesView.swift */; };
		45B52D5D2954201F00204D02 /* FactsView.swift in Sources */ = {isa = PBXBuildFile; fileRef = 45B52D5C2954201F00204D02 /* FactsView.swift */; };
		45B52D5F295423EC00204D02 /* FactModel.swift in Sources */ = {isa = PBXBuildFile; fileRef = 45B52D5E295423EC00204D02 /* FactModel.swift */; };
		45B52D612954241000204D02 /* FactData.swift in Sources */ = {isa = PBXBuildFile; fileRef = 45B52D602954241000204D02 /* FactData.swift */; };
		45B52D63295427E600204D02 /* RecipeModel.swift in Sources */ = {isa = PBXBuildFile; fileRef = 45B52D62295427E600204D02 /* RecipeModel.swift */; };
		45B52D652954283600204D02 /* RecipeData.swift in Sources */ = {isa = PBXBuildFile; fileRef = 45B52D642954283600204D02 /* RecipeData.swift */; };
		45B52D672954288C00204D02 /* RecipeCardView.swift in Sources */ = {isa = PBXBuildFile; fileRef = 45B52D662954288C00204D02 /* RecipeCardView.swift */; };
		45B52D6929543FDF00204D02 /* RecipeRatingView.swift in Sources */ = {isa = PBXBuildFile; fileRef = 45B52D6829543FDF00204D02 /* RecipeRatingView.swift */; };
		45B52D6B295440A400204D02 /* RecipeCookingView.swift in Sources */ = {isa = PBXBuildFile; fileRef = 45B52D6A295440A400204D02 /* RecipeCookingView.swift */; };
		45B52D6D2954413B00204D02 /* RecipeDetailView.swift in Sources */ = {isa = PBXBuildFile; fileRef = 45B52D6C2954413B00204D02 /* RecipeDetailView.swift */; };
		45B52D6F2955349B00204D02 /* RipeningView.swift in Sources */ = {isa = PBXBuildFile; fileRef = 45B52D6E2955349B00204D02 /* RipeningView.swift */; };
		45B52D7129553C9800204D02 /* RipeningModel.swift in Sources */ = {isa = PBXBuildFile; fileRef = 45B52D7029553C9800204D02 /* RipeningModel.swift */; };
		45B52D7329553CD600204D02 /* RipeningData.swift in Sources */ = {isa = PBXBuildFile; fileRef = 45B52D7229553CD600204D02 /* RipeningData.swift */; };
/* End PBXBuildFile section */

/* Begin PBXFileReference section */
		45B52D362952ECAB00204D02 /* Avocados.app */ = {isa = PBXFileReference; explicitFileType = wrapper.application; includeInIndex = 0; path = Avocados.app; sourceTree = BUILT_PRODUCTS_DIR; };
		45B52D392952ECAB00204D02 /* AvocadosApp.swift */ = {isa = PBXFileReference; lastKnownFileType = sourcecode.swift; path = AvocadosApp.swift; sourceTree = "<group>"; };
		45B52D3B2952ECAB00204D02 /* ContentView.swift */ = {isa = PBXFileReference; lastKnownFileType = sourcecode.swift; path = ContentView.swift; sourceTree = "<group>"; };
		45B52D3D2952ECAD00204D02 /* Assets.xcassets */ = {isa = PBXFileReference; lastKnownFileType = folder.assetcatalog; path = Assets.xcassets; sourceTree = "<group>"; };
		45B52D402952ECAD00204D02 /* Preview Assets.xcassets */ = {isa = PBXFileReference; lastKnownFileType = folder.assetcatalog; path = "Preview Assets.xcassets"; sourceTree = "<group>"; };
		45B52D472953DE9600204D02 /* LaunchScreen.storyboard */ = {isa = PBXFileReference; lastKnownFileType = file.storyboard; path = LaunchScreen.storyboard; sourceTree = "<group>"; };
		45B52D4C2953E37D00204D02 /* AvocadosView.swift */ = {isa = PBXFileReference; lastKnownFileType = sourcecode.swift; path = AvocadosView.swift; sourceTree = "<group>"; };
		45B52D4E2953E3CE00204D02 /* RipeningStagesView.swift */ = {isa = PBXFileReference; lastKnownFileType = sourcecode.swift; path = RipeningStagesView.swift; sourceTree = "<group>"; };
		45B52D502953E3E600204D02 /* SettingsView.swift */ = {isa = PBXFileReference; lastKnownFileType = sourcecode.swift; path = SettingsView.swift; sourceTree = "<group>"; };
		45B52D522953E42300204D02 /* AppView.swift */ = {isa = PBXFileReference; lastKnownFileType = sourcecode.swift; path = AppView.swift; sourceTree = "<group>"; };
		45B52D542953EC9200204D02 /* HeaderView.swift */ = {isa = PBXFileReference; lastKnownFileType = sourcecode.swift; path = HeaderView.swift; sourceTree = "<group>"; };
		45B52D562953F6DC00204D02 /* HeaderModel.swift */ = {isa = PBXFileReference; lastKnownFileType = sourcecode.swift; path = HeaderModel.swift; sourceTree = "<group>"; };
		45B52D582953F70700204D02 /* HeaderData.swift */ = {isa = PBXFileReference; lastKnownFileType = sourcecode.swift; path = HeaderData.swift; sourceTree = "<group>"; };
		45B52D5A2954133A00204D02 /* DishesView.swift */ = {isa = PBXFileReference; lastKnownFileType = sourcecode.swift; path = DishesView.swift; sourceTree = "<group>"; };
		45B52D5C2954201F00204D02 /* FactsView.swift */ = {isa = PBXFileReference; lastKnownFileType = sourcecode.swift; path = FactsView.swift; sourceTree = "<group>"; };
		45B52D5E295423EC00204D02 /* FactModel.swift */ = {isa = PBXFileReference; lastKnownFileType = sourcecode.swift; path = FactModel.swift; sourceTree = "<group>"; };
		45B52D602954241000204D02 /* FactData.swift */ = {isa = PBXFileReference; lastKnownFileType = sourcecode.swift; path = FactData.swift; sourceTree = "<group>"; };
		45B52D62295427E600204D02 /* RecipeModel.swift */ = {isa = PBXFileReference; lastKnownFileType = sourcecode.swift; path = RecipeModel.swift; sourceTree = "<group>"; };
		45B52D642954283600204D02 /* RecipeData.swift */ = {isa = PBXFileReference; lastKnownFileType = sourcecode.swift; path = RecipeData.swift; sourceTree = "<group>"; };
		45B52D662954288C00204D02 /* RecipeCardView.swift */ = {isa = PBXFileReference; lastKnownFileType = sourcecode.swift; path = RecipeCardView.swift; sourceTree = "<group>"; };
		45B52D6829543FDF00204D02 /* RecipeRatingView.swift */ = {isa = PBXFileReference; lastKnownFileType = sourcecode.swift; path = RecipeRatingView.swift; sourceTree = "<group>"; };
		45B52D6A295440A400204D02 /* RecipeCookingView.swift */ = {isa = PBXFileReference; lastKnownFileType = sourcecode.swift; path = RecipeCookingView.swift; sourceTree = "<group>"; };
		45B52D6C2954413B00204D02 /* RecipeDetailView.swift */ = {isa = PBXFileReference; lastKnownFileType = sourcecode.swift; path = RecipeDetailView.swift; sourceTree = "<group>"; };
		45B52D6E2955349B00204D02 /* RipeningView.swift */ = {isa = PBXFileReference; lastKnownFileType = sourcecode.swift; path = RipeningView.swift; sourceTree = "<group>"; };
		45B52D7029553C9800204D02 /* RipeningModel.swift */ = {isa = PBXFileReference; lastKnownFileType = sourcecode.swift; path = RipeningModel.swift; sourceTree = "<group>"; };
		45B52D7229553CD600204D02 /* RipeningData.swift */ = {isa = PBXFileReference; lastKnownFileType = sourcecode.swift; path = RipeningData.swift; sourceTree = "<group>"; };
/* End PBXFileReference section */

/* Begin PBXFrameworksBuildPhase section */
		45B52D332952ECAB00204D02 /* Frameworks */ = {
			isa = PBXFrameworksBuildPhase;
			buildActionMask = 2147483647;
			files = (
			);
			runOnlyForDeploymentPostprocessing = 0;
		};
/* End PBXFrameworksBuildPhase section */

/* Begin PBXGroup section */
		45B52D2D2952ECAB00204D02 = {
			isa = PBXGroup;
			children = (
				45B52D382952ECAB00204D02 /* Avocados */,
				45B52D372952ECAB00204D02 /* Products */,
			);
			sourceTree = "<group>";
		};
		45B52D372952ECAB00204D02 /* Products */ = {
			isa = PBXGroup;
			children = (
				45B52D362952ECAB00204D02 /* Avocados.app */,
			);
			name = Products;
			sourceTree = "<group>";
		};
		45B52D382952ECAB00204D02 /* Avocados */ = {
			isa = PBXGroup;
			children = (
				45B52D392952ECAB00204D02 /* AvocadosApp.swift */,
				45B52D4B2953E35600204D02 /* View */,
				45B52D4A2953E35200204D02 /* Model */,
				45B52D492953E34C00204D02 /* Data */,
				45B52D3D2952ECAD00204D02 /* Assets.xcassets */,
				45B52D3F2952ECAD00204D02 /* Preview Content */,
				45B52D472953DE9600204D02 /* LaunchScreen.storyboard */,
			);
			path = Avocados;
			sourceTree = "<group>";
		};
		45B52D3F2952ECAD00204D02 /* Preview Content */ = {
			isa = PBXGroup;
			children = (
				45B52D402952ECAD00204D02 /* Preview Assets.xcassets */,
			);
			path = "Preview Content";
			sourceTree = "<group>";
		};
		45B52D492953E34C00204D02 /* Data */ = {
			isa = PBXGroup;
			children = (
				45B52D582953F70700204D02 /* HeaderData.swift */,
				45B52D602954241000204D02 /* FactData.swift */,
				45B52D642954283600204D02 /* RecipeData.swift */,
				45B52D7229553CD600204D02 /* RipeningData.swift */,
			);
			path = Data;
			sourceTree = "<group>";
		};
		45B52D4A2953E35200204D02 /* Model */ = {
			isa = PBXGroup;
			children = (
				45B52D562953F6DC00204D02 /* HeaderModel.swift */,
				45B52D5E295423EC00204D02 /* FactModel.swift */,
				45B52D62295427E600204D02 /* RecipeModel.swift */,
				45B52D7029553C9800204D02 /* RipeningModel.swift */,
			);
			path = Model;
			sourceTree = "<group>";
		};
		45B52D4B2953E35600204D02 /* View */ = {
			isa = PBXGroup;
			children = (
				45B52D662954288C00204D02 /* RecipeCardView.swift */,
				45B52D6829543FDF00204D02 /* RecipeRatingView.swift */,
				45B52D6A295440A400204D02 /* RecipeCookingView.swift */,
				45B52D3B2952ECAB00204D02 /* ContentView.swift */,
				45B52D4C2953E37D00204D02 /* AvocadosView.swift */,
				45B52D4E2953E3CE00204D02 /* RipeningStagesView.swift */,
				45B52D502953E3E600204D02 /* SettingsView.swift */,
				45B52D522953E42300204D02 /* AppView.swift */,
				45B52D542953EC9200204D02 /* HeaderView.swift */,
				45B52D5A2954133A00204D02 /* DishesView.swift */,
				45B52D5C2954201F00204D02 /* FactsView.swift */,
				45B52D6C2954413B00204D02 /* RecipeDetailView.swift */,
				45B52D6E2955349B00204D02 /* RipeningView.swift */,
			);
			path = View;
			sourceTree = "<group>";
		};
/* End PBXGroup section */

/* Begin PBXNativeTarget section */
		45B52D352952ECAB00204D02 /* Avocados */ = {
			isa = PBXNativeTarget;
			buildConfigurationList = 45B52D442952ECAD00204D02 /* Build configuration list for PBXNativeTarget "Avocados" */;
			buildPhases = (
				45B52D322952ECAB00204D02 /* Sources */,
				45B52D332952ECAB00204D02 /* Frameworks */,
				45B52D342952ECAB00204D02 /* Resources */,
			);
			buildRules = (
			);
			dependencies = (
			);
			name = Avocados;
			productName = Avocados;
			productReference = 45B52D362952ECAB00204D02 /* Avocados.app */;
			productType = "com.apple.product-type.application";
		};
/* End PBXNativeTarget section */

/* Begin PBXProject section */
		45B52D2E2952ECAB00204D02 /* Project object */ = {
			isa = PBXProject;
			attributes = {
				BuildIndependentTargetsInParallel = 1;
				LastSwiftUpdateCheck = 1420;
				LastUpgradeCheck = 1420;
				TargetAttributes = {
					45B52D352952ECAB00204D02 = {
						CreatedOnToolsVersion = 14.2;
					};
				};
			};
			buildConfigurationList = 45B52D312952ECAB00204D02 /* Build configuration list for PBXProject "Avocados" */;
			compatibilityVersion = "Xcode 14.0";
			developmentRegion = en;
			hasScannedForEncodings = 0;
			knownRegions = (
				en,
				Base,
			);
			mainGroup = 45B52D2D2952ECAB00204D02;
			productRefGroup = 45B52D372952ECAB00204D02 /* Products */;
			projectDirPath = "";
			projectRoot = "";
			targets = (
				45B52D352952ECAB00204D02 /* Avocados */,
			);
		};
/* End PBXProject section */

/* Begin PBXResourcesBuildPhase section */
		45B52D342952ECAB00204D02 /* Resources */ = {
			isa = PBXResourcesBuildPhase;
			buildActionMask = 2147483647;
			files = (
				45B52D482953DE9600204D02 /* LaunchScreen.storyboard in Resources */,
				45B52D412952ECAD00204D02 /* Preview Assets.xcassets in Resources */,
				45B52D3E2952ECAD00204D02 /* Assets.xcassets in Resources */,
			);
			runOnlyForDeploymentPostprocessing = 0;
		};
/* End PBXResourcesBuildPhase section */

/* Begin PBXSourcesBuildPhase section */
		45B52D322952ECAB00204D02 /* Sources */ = {
			isa = PBXSourcesBuildPhase;
			buildActionMask = 2147483647;
			files = (
				45B52D512953E3E600204D02 /* SettingsView.swift in Sources */,
				45B52D6929543FDF00204D02 /* RecipeRatingView.swift in Sources */,
				45B52D7129553C9800204D02 /* RipeningModel.swift in Sources */,
				45B52D3C2952ECAB00204D02 /* ContentView.swift in Sources */,
				45B52D532953E42300204D02 /* AppView.swift in Sources */,
				45B52D7329553CD600204D02 /* RipeningData.swift in Sources */,
				45B52D4F2953E3CE00204D02 /* RipeningStagesView.swift in Sources */,
				45B52D3A2952ECAB00204D02 /* AvocadosApp.swift in Sources */,
				45B52D4D2953E37D00204D02 /* AvocadosView.swift in Sources */,
				45B52D572953F6DC00204D02 /* HeaderModel.swift in Sources */,
				45B52D63295427E600204D02 /* RecipeModel.swift in Sources */,
				45B52D592953F70700204D02 /* HeaderData.swift in Sources */,
				45B52D5B2954133A00204D02 /* DishesView.swift in Sources */,
				45B52D6B295440A400204D02 /* RecipeCookingView.swift in Sources */,
				45B52D6F2955349B00204D02 /* RipeningView.swift in Sources */,
				45B52D5F295423EC00204D02 /* FactModel.swift in Sources */,
				45B52D5D2954201F00204D02 /* FactsView.swift in Sources */,
				45B52D672954288C00204D02 /* RecipeCardView.swift in Sources */,
				45B52D652954283600204D02 /* RecipeData.swift in Sources */,
				45B52D552953EC9300204D02 /* HeaderView.swift in Sources */,
				45B52D6D2954413B00204D02 /* RecipeDetailView.swift in Sources */,
				45B52D612954241000204D02 /* FactData.swift in Sources */,
			);
			runOnlyForDeploymentPostprocessing = 0;
		};
/* End PBXSourcesBuildPhase section */

/* Begin XCBuildConfiguration section */
		45B52D422952ECAD00204D02 /* Debug */ = {
			isa = XCBuildConfiguration;
			buildSettings = {
				ALWAYS_SEARCH_USER_PATHS = NO;
				CLANG_ANALYZER_NONNULL = YES;
				CLANG_ANALYZER_NUMBER_OBJECT_CONVERSION = YES_AGGRESSIVE;
				CLANG_CXX_LANGUAGE_STANDARD = "gnu++20";
				CLANG_ENABLE_MODULES = YES;
				CLANG_ENABLE_OBJC_ARC = YES;
				CLANG_ENABLE_OBJC_WEAK = YES;
				CLANG_WARN_BLOCK_CAPTURE_AUTORELEASING = YES;
				CLANG_WARN_BOOL_CONVERSION = YES;
				CLANG_WARN_COMMA = YES;
				CLANG_WARN_CONSTANT_CONVERSION = YES;
				CLANG_WARN_DEPRECATED_OBJC_IMPLEMENTATIONS = YES;
				CLANG_WARN_DIRECT_OBJC_ISA_USAGE = YES_ERROR;
				CLANG_WARN_DOCUMENTATION_COMMENTS = YES;
				CLANG_WARN_EMPTY_BODY = YES;
				CLANG_WARN_ENUM_CONVERSION = YES;
				CLANG_WARN_INFINITE_RECURSION = YES;
				CLANG_WARN_INT_CONVERSION = YES;
				CLANG_WARN_NON_LITERAL_NULL_CONVERSION = YES;
				CLANG_WARN_OBJC_IMPLICIT_RETAIN_SELF = YES;
				CLANG_WARN_OBJC_LITERAL_CONVERSION = YES;
				CLANG_WARN_OBJC_ROOT_CLASS = YES_ERROR;
				CLANG_WARN_QUOTED_INCLUDE_IN_FRAMEWORK_HEADER = YES;
				CLANG_WARN_RANGE_LOOP_ANALYSIS = YES;
				CLANG_WARN_STRICT_PROTOTYPES = YES;
				CLANG_WARN_SUSPICIOUS_MOVE = YES;
				CLANG_WARN_UNGUARDED_AVAILABILITY = YES_AGGRESSIVE;
				CLANG_WARN_UNREACHABLE_CODE = YES;
				CLANG_WARN__DUPLICATE_METHOD_MATCH = YES;
				COPY_PHASE_STRIP = NO;
				DEBUG_INFORMATION_FORMAT = dwarf;
				ENABLE_STRICT_OBJC_MSGSEND = YES;
				ENABLE_TESTABILITY = YES;
				GCC_C_LANGUAGE_STANDARD = gnu11;
				GCC_DYNAMIC_NO_PIC = NO;
				GCC_NO_COMMON_BLOCKS = YES;
				GCC_OPTIMIZATION_LEVEL = 0;
				GCC_PREPROCESSOR_DEFINITIONS = (
					"DEBUG=1",
					"$(inherited)",
				);
				GCC_WARN_64_TO_32_BIT_CONVERSION = YES;
				GCC_WARN_ABOUT_RETURN_TYPE = YES_ERROR;
				GCC_WARN_UNDECLARED_SELECTOR = YES;
				GCC_WARN_UNINITIALIZED_AUTOS = YES_AGGRESSIVE;
				GCC_WARN_UNUSED_FUNCTION = YES;
				GCC_WARN_UNUSED_VARIABLE = YES;
				IPHONEOS_DEPLOYMENT_TARGET = 16.2;
				MTL_ENABLE_DEBUG_INFO = INCLUDE_SOURCE;
				MTL_FAST_MATH = YES;
				ONLY_ACTIVE_ARCH = YES;
				SDKROOT = iphoneos;
				SWIFT_ACTIVE_COMPILATION_CONDITIONS = DEBUG;
				SWIFT_OPTIMIZATION_LEVEL = "-Onone";
			};
			name = Debug;
		};
		45B52D432952ECAD00204D02 /* Release */ = {
			isa = XCBuildConfiguration;
			buildSettings = {
				ALWAYS_SEARCH_USER_PATHS = NO;
				CLANG_ANALYZER_NONNULL = YES;
				CLANG_ANALYZER_NUMBER_OBJECT_CONVERSION = YES_AGGRESSIVE;
				CLANG_CXX_LANGUAGE_STANDARD = "gnu++20";
				CLANG_ENABLE_MODULES = YES;
				CLANG_ENABLE_OBJC_ARC = YES;
				CLANG_ENABLE_OBJC_WEAK = YES;
				CLANG_WARN_BLOCK_CAPTURE_AUTORELEASING = YES;
				CLANG_WARN_BOOL_CONVERSION = YES;
				CLANG_WARN_COMMA = YES;
				CLANG_WARN_CONSTANT_CONVERSION = YES;
				CLANG_WARN_DEPRECATED_OBJC_IMPLEMENTATIONS = YES;
				CLANG_WARN_DIRECT_OBJC_ISA_USAGE = YES_ERROR;
				CLANG_WARN_DOCUMENTATION_COMMENTS = YES;
				CLANG_WARN_EMPTY_BODY = YES;
				CLANG_WARN_ENUM_CONVERSION = YES;
				CLANG_WARN_INFINITE_RECURSION = YES;
				CLANG_WARN_INT_CONVERSION = YES;
				CLANG_WARN_NON_LITERAL_NULL_CONVERSION = YES;
				CLANG_WARN_OBJC_IMPLICIT_RETAIN_SELF = YES;
				CLANG_WARN_OBJC_LITERAL_CONVERSION = YES;
				CLANG_WARN_OBJC_ROOT_CLASS = YES_ERROR;
				CLANG_WARN_QUOTED_INCLUDE_IN_FRAMEWORK_HEADER = YES;
				CLANG_WARN_RANGE_LOOP_ANALYSIS = YES;
				CLANG_WARN_STRICT_PROTOTYPES = YES;
				CLANG_WARN_SUSPICIOUS_MOVE = YES;
				CLANG_WARN_UNGUARDED_AVAILABILITY = YES_AGGRESSIVE;
				CLANG_WARN_UNREACHABLE_CODE = YES;
				CLANG_WARN__DUPLICATE_METHOD_MATCH = YES;
				COPY_PHASE_STRIP = NO;
				DEBUG_INFORMATION_FORMAT = "dwarf-with-dsym";
				ENABLE_NS_ASSERTIONS = NO;
				ENABLE_STRICT_OBJC_MSGSEND = YES;
				GCC_C_LANGUAGE_STANDARD = gnu11;
				GCC_NO_COMMON_BLOCKS = YES;
				GCC_WARN_64_TO_32_BIT_CONVERSION = YES;
				GCC_WARN_ABOUT_RETURN_TYPE = YES_ERROR;
				GCC_WARN_UNDECLARED_SELECTOR = YES;
				GCC_WARN_UNINITIALIZED_AUTOS = YES_AGGRESSIVE;
				GCC_WARN_UNUSED_FUNCTION = YES;
				GCC_WARN_UNUSED_VARIABLE = YES;
				IPHONEOS_DEPLOYMENT_TARGET = 16.2;
				MTL_ENABLE_DEBUG_INFO = NO;
				MTL_FAST_MATH = YES;
				SDKROOT = iphoneos;
				SWIFT_COMPILATION_MODE = wholemodule;
				SWIFT_OPTIMIZATION_LEVEL = "-O";
				VALIDATE_PRODUCT = YES;
			};
			name = Release;
		};
		45B52D452952ECAD00204D02 /* Debug */ = {
			isa = XCBuildConfiguration;
			buildSettings = {
				ASSETCATALOG_COMPILER_APPICON_NAME = AppIcon;
				ASSETCATALOG_COMPILER_GLOBAL_ACCENT_COLOR_NAME = AccentColor;
				CODE_SIGN_STYLE = Automatic;
				CURRENT_PROJECT_VERSION = 1;
				DEVELOPMENT_ASSET_PATHS = "\"Avocados/Preview Content\"";
				DEVELOPMENT_TEAM = 433LH3TNXX;
				ENABLE_PREVIEWS = YES;
				GENERATE_INFOPLIST_FILE = YES;
				INFOPLIST_KEY_UIApplicationSceneManifest_Generation = YES;
				INFOPLIST_KEY_UIApplicationSupportsIndirectInputEvents = YES;
				INFOPLIST_KEY_UILaunchStoryboardName = LaunchScreen.storyboard;
				INFOPLIST_KEY_UISupportedInterfaceOrientations_iPad = "UIInterfaceOrientationPortrait UIInterfaceOrientationPortraitUpsideDown UIInterfaceOrientationLandscapeLeft UIInterfaceOrientationLandscapeRight";
				INFOPLIST_KEY_UISupportedInterfaceOrientations_iPhone = "UIInterfaceOrientationPortrait UIInterfaceOrientationLandscapeLeft UIInterfaceOrientationLandscapeRight";
				IPHONEOS_DEPLOYMENT_TARGET = 16.0;
				LD_RUNPATH_SEARCH_PATHS = (
					"$(inherited)",
					"@executable_path/Frameworks",
				);
				MARKETING_VERSION = 1.0;
				PRODUCT_BUNDLE_IDENTIFIER = com.yeonBlue.Avocados;
				PRODUCT_NAME = "$(TARGET_NAME)";
				SWIFT_EMIT_LOC_STRINGS = YES;
				SWIFT_VERSION = 5.0;
				TARGETED_DEVICE_FAMILY = "1,2";
			};
			name = Debug;
		};
		45B52D462952ECAD00204D02 /* Release */ = {
			isa = XCBuildConfiguration;
			buildSettings = {
				ASSETCATALOG_COMPILER_APPICON_NAME = AppIcon;
				ASSETCATALOG_COMPILER_GLOBAL_ACCENT_COLOR_NAME = AccentColor;
				CODE_SIGN_STYLE = Automatic;
				CURRENT_PROJECT_VERSION = 1;
				DEVELOPMENT_ASSET_PATHS = "\"Avocados/Preview Content\"";
				DEVELOPMENT_TEAM = 433LH3TNXX;
				ENABLE_PREVIEWS = YES;
				GENERATE_INFOPLIST_FILE = YES;
				INFOPLIST_KEY_UIApplicationSceneManifest_Generation = YES;
				INFOPLIST_KEY_UIApplicationSupportsIndirectInputEvents = YES;
				INFOPLIST_KEY_UILaunchStoryboardName = LaunchScreen.storyboard;
				INFOPLIST_KEY_UISupportedInterfaceOrientations_iPad = "UIInterfaceOrientationPortrait UIInterfaceOrientationPortraitUpsideDown UIInterfaceOrientationLandscapeLeft UIInterfaceOrientationLandscapeRight";
				INFOPLIST_KEY_UISupportedInterfaceOrientations_iPhone = "UIInterfaceOrientationPortrait UIInterfaceOrientationLandscapeLeft UIInterfaceOrientationLandscapeRight";
				IPHONEOS_DEPLOYMENT_TARGET = 16.0;
				LD_RUNPATH_SEARCH_PATHS = (
					"$(inherited)",
					"@executable_path/Frameworks",
				);
				MARKETING_VERSION = 1.0;
				PRODUCT_BUNDLE_IDENTIFIER = com.yeonBlue.Avocados;
				PRODUCT_NAME = "$(TARGET_NAME)";
				SWIFT_EMIT_LOC_STRINGS = YES;
				SWIFT_VERSION = 5.0;
				TARGETED_DEVICE_FAMILY = "1,2";
			};
			name = Release;
		};
/* End XCBuildConfiguration section */

/* Begin XCConfigurationList section */
		45B52D312952ECAB00204D02 /* Build configuration list for PBXProject "Avocados" */ = {
			isa = XCConfigurationList;
			buildConfigurations = (
				45B52D422952ECAD00204D02 /* Debug */,
				45B52D432952ECAD00204D02 /* Release */,
			);
			defaultConfigurationIsVisible = 0;
			defaultConfigurationName = Release;
		};
		45B52D442952ECAD00204D02 /* Build configuration list for PBXNativeTarget "Avocados" */ = {
			isa = XCConfigurationList;
			buildConfigurations = (
				45B52D452952ECAD00204D02 /* Debug */,
				45B52D462952ECAD00204D02 /* Release */,
			);
			defaultConfigurationIsVisible = 0;
			defaultConfigurationName = Release;
		};
/* End XCConfigurationList section */
	};
	rootObject = 45B52D2E2952ECAB00204D02 /* Project object */;
}
