// !$*UTF8*$!
{
	archiveVersion = 1;
	classes = {
	};
	objectVersion = 56;
	objects = {

/* Begin PBXBuildFile section */
		45B7EAEA29485D1400AE752C /* VideoPlayerView.swift in Sources */ = {isa = PBXBuildFile; fileRef = 45B7EAE929485D1400AE752C /* VideoPlayerView.swift */; };
		45B7EAEB2948601C00AE752C /* cheetah.mp4 in Resources */ = {isa = PBXBuildFile; fileRef = 45BD5F352944809A00939603 /* cheetah.mp4 */; };
		45B7EAEC2948601E00AE752C /* elephant.mp4 in Resources */ = {isa = PBXBuildFile; fileRef = 45BD5F2D2944809800939603 /* elephant.mp4 */; };
		45B7EAED2948602200AE752C /* rhino.mp4 in Resources */ = {isa = PBXBuildFile; fileRef = 45BD5F362944809B00939603 /* rhino.mp4 */; };
		45B7EAEE2948602200AE752C /* gorilla.mp4 in Resources */ = {isa = PBXBuildFile; fileRef = 45BD5F332944809A00939603 /* gorilla.mp4 */; };
		45B7EAEF2948602200AE752C /* hippo.mp4 in Resources */ = {isa = PBXBuildFile; fileRef = 45BD5F2F2944809800939603 /* hippo.mp4 */; };
		45B7EAF02948602200AE752C /* lioness.mp4 in Resources */ = {isa = PBXBuildFile; fileRef = 45BD5F302944809900939603 /* lioness.mp4 */; };
		45B7EAF12948602200AE752C /* ostrich.mp4 in Resources */ = {isa = PBXBuildFile; fileRef = 45BD5F312944809900939603 /* ostrich.mp4 */; };
		45B7EAF22948602200AE752C /* zebra.mp4 in Resources */ = {isa = PBXBuildFile; fileRef = 45BD5F342944809A00939603 /* zebra.mp4 */; };
		45B7EAF32948602200AE752C /* lion.mp4 in Resources */ = {isa = PBXBuildFile; fileRef = 45BD5F2E2944809800939603 /* lion.mp4 */; };
		45B7EAF42948602200AE752C /* giraffe.mp4 in Resources */ = {isa = PBXBuildFile; fileRef = 45BD5F322944809900939603 /* giraffe.mp4 */; };
		45B7EAF72948618800AE752C /* VidioPlayerHelper.swift in Sources */ = {isa = PBXBuildFile; fileRef = 45B7EAF62948618800AE752C /* VidioPlayerHelper.swift */; };
		45B7EAF92948676900AE752C /* LocationModel.swift in Sources */ = {isa = PBXBuildFile; fileRef = 45B7EAF82948676900AE752C /* LocationModel.swift */; };
		45B7EAFB2948A46E00AE752C /* MapAnnotaionView.swift in Sources */ = {isa = PBXBuildFile; fileRef = 45B7EAFA2948A46E00AE752C /* MapAnnotaionView.swift */; };
		45B7EAFD2949A27600AE752C /* MotionAnimationView.swift in Sources */ = {isa = PBXBuildFile; fileRef = 45B7EAFC2949A27600AE752C /* MotionAnimationView.swift */; };
		45BD5F1F29447B3A00939603 /* AfricaApp.swift in Sources */ = {isa = PBXBuildFile; fileRef = 45BD5F1E29447B3A00939603 /* AfricaApp.swift */; };
		45BD5F2129447B3A00939603 /* ContentView.swift in Sources */ = {isa = PBXBuildFile; fileRef = 45BD5F2029447B3A00939603 /* ContentView.swift */; };
		45BD5F2329447B3C00939603 /* Assets.xcassets in Resources */ = {isa = PBXBuildFile; fileRef = 45BD5F2229447B3C00939603 /* Assets.xcassets */; };
		45BD5F2629447B3C00939603 /* Preview Assets.xcassets in Resources */ = {isa = PBXBuildFile; fileRef = 45BD5F2529447B3C00939603 /* Preview Assets.xcassets */; };
		45BD5F3C2944810B00939603 /* locations.json in Resources */ = {isa = PBXBuildFile; fileRef = 45BD5F382944810B00939603 /* locations.json */; };
		45BD5F3D2944810B00939603 /* covers.json in Resources */ = {isa = PBXBuildFile; fileRef = 45BD5F392944810B00939603 /* covers.json */; };
		45BD5F3E2944810B00939603 /* animals.json in Resources */ = {isa = PBXBuildFile; fileRef = 45BD5F3A2944810B00939603 /* animals.json */; };
		45BD5F3F2944810B00939603 /* videos.json in Resources */ = {isa = PBXBuildFile; fileRef = 45BD5F3B2944810B00939603 /* videos.json */; };
		45BD5F432944832200939603 /* VideoListView.swift in Sources */ = {isa = PBXBuildFile; fileRef = 45BD5F422944832200939603 /* VideoListView.swift */; };
		45BD5F452944833500939603 /* MapView.swift in Sources */ = {isa = PBXBuildFile; fileRef = 45BD5F442944833500939603 /* MapView.swift */; };
		45BD5F472944837D00939603 /* GalleryView.swift in Sources */ = {isa = PBXBuildFile; fileRef = 45BD5F462944837D00939603 /* GalleryView.swift */; };
		45BD5F49294483A300939603 /* MainView.swift in Sources */ = {isa = PBXBuildFile; fileRef = 45BD5F48294483A300939603 /* MainView.swift */; };
		45BD5F4C294596D600939603 /* CoverImageView.swift in Sources */ = {isa = PBXBuildFile; fileRef = 45BD5F4B294596D600939603 /* CoverImageView.swift */; };
		45BD5F4F29459A9700939603 /* CoverImageModel.swift in Sources */ = {isa = PBXBuildFile; fileRef = 45BD5F4E29459A9700939603 /* CoverImageModel.swift */; };
		45BD5F5229459C0000939603 /* CodableBundleExtension.swift in Sources */ = {isa = PBXBuildFile; fileRef = 45BD5F5129459C0000939603 /* CodableBundleExtension.swift */; };
		45BD5F542945A26200939603 /* AnimalListItemView.swift in Sources */ = {isa = PBXBuildFile; fileRef = 45BD5F532945A26200939603 /* AnimalListItemView.swift */; };
		45BD5F562945A66B00939603 /* AnimalModel.swift in Sources */ = {isa = PBXBuildFile; fileRef = 45BD5F552945A66B00939603 /* AnimalModel.swift */; };
		45BD5F582945AF5D00939603 /* AnimalDetailView.swift in Sources */ = {isa = PBXBuildFile; fileRef = 45BD5F572945AF5D00939603 /* AnimalDetailView.swift */; };
		45BD5F5A2945B3BF00939603 /* HeadingView.swift in Sources */ = {isa = PBXBuildFile; fileRef = 45BD5F592945B3BF00939603 /* HeadingView.swift */; };
		45BD5F5C2945B50500939603 /* InsetGalleryView.swift in Sources */ = {isa = PBXBuildFile; fileRef = 45BD5F5B2945B50500939603 /* InsetGalleryView.swift */; };
		45BD5F5E2947F9A200939603 /* InsetFactView.swift in Sources */ = {isa = PBXBuildFile; fileRef = 45BD5F5D2947F9A100939603 /* InsetFactView.swift */; };
		45BD5F622948003C00939603 /* InsetMapView.swift in Sources */ = {isa = PBXBuildFile; fileRef = 45BD5F612948003C00939603 /* InsetMapView.swift */; };
		45BD5F64294813D700939603 /* ExternalWebLinkView.swift in Sources */ = {isa = PBXBuildFile; fileRef = 45BD5F63294813D600939603 /* ExternalWebLinkView.swift */; };
		45BD5F6629481A8100939603 /* VideoModel.swift in Sources */ = {isa = PBXBuildFile; fileRef = 45BD5F6529481A8100939603 /* VideoModel.swift */; };
		45BD5F6829481ADB00939603 /* VideoListItemView.swift in Sources */ = {isa = PBXBuildFile; fileRef = 45BD5F6729481ADB00939603 /* VideoListItemView.swift */; };
/* End PBXBuildFile section */

/* Begin PBXFileReference section */
		45B7EAE929485D1400AE752C /* VideoPlayerView.swift */ = {isa = PBXFileReference; lastKnownFileType = sourcecode.swift; path = VideoPlayerView.swift; sourceTree = "<group>"; };
		45B7EAF62948618800AE752C /* VidioPlayerHelper.swift */ = {isa = PBXFileReference; lastKnownFileType = sourcecode.swift; path = VidioPlayerHelper.swift; sourceTree = "<group>"; };
		45B7EAF82948676900AE752C /* LocationModel.swift */ = {isa = PBXFileReference; lastKnownFileType = sourcecode.swift; path = LocationModel.swift; sourceTree = "<group>"; };
		45B7EAFA2948A46E00AE752C /* MapAnnotaionView.swift */ = {isa = PBXFileReference; lastKnownFileType = sourcecode.swift; path = MapAnnotaionView.swift; sourceTree = "<group>"; };
		45B7EAFC2949A27600AE752C /* MotionAnimationView.swift */ = {isa = PBXFileReference; lastKnownFileType = sourcecode.swift; path = MotionAnimationView.swift; sourceTree = "<group>"; };
		45BD5F1B29447B3A00939603 /* Africa.app */ = {isa = PBXFileReference; explicitFileType = wrapper.application; includeInIndex = 0; path = Africa.app; sourceTree = BUILT_PRODUCTS_DIR; };
		45BD5F1E29447B3A00939603 /* AfricaApp.swift */ = {isa = PBXFileReference; lastKnownFileType = sourcecode.swift; path = AfricaApp.swift; sourceTree = "<group>"; };
		45BD5F2029447B3A00939603 /* ContentView.swift */ = {isa = PBXFileReference; lastKnownFileType = sourcecode.swift; path = ContentView.swift; sourceTree = "<group>"; };
		45BD5F2229447B3C00939603 /* Assets.xcassets */ = {isa = PBXFileReference; lastKnownFileType = folder.assetcatalog; path = Assets.xcassets; sourceTree = "<group>"; };
		45BD5F2529447B3C00939603 /* Preview Assets.xcassets */ = {isa = PBXFileReference; lastKnownFileType = folder.assetcatalog; path = "Preview Assets.xcassets"; sourceTree = "<group>"; };
		45BD5F2D2944809800939603 /* elephant.mp4 */ = {isa = PBXFileReference; lastKnownFileType = file; path = elephant.mp4; sourceTree = "<group>"; };
		45BD5F2E2944809800939603 /* lion.mp4 */ = {isa = PBXFileReference; lastKnownFileType = file; path = lion.mp4; sourceTree = "<group>"; };
		45BD5F2F2944809800939603 /* hippo.mp4 */ = {isa = PBXFileReference; lastKnownFileType = file; path = hippo.mp4; sourceTree = "<group>"; };
		45BD5F302944809900939603 /* lioness.mp4 */ = {isa = PBXFileReference; lastKnownFileType = file; path = lioness.mp4; sourceTree = "<group>"; };
		45BD5F312944809900939603 /* ostrich.mp4 */ = {isa = PBXFileReference; lastKnownFileType = file; path = ostrich.mp4; sourceTree = "<group>"; };
		45BD5F322944809900939603 /* giraffe.mp4 */ = {isa = PBXFileReference; lastKnownFileType = file; path = giraffe.mp4; sourceTree = "<group>"; };
		45BD5F332944809A00939603 /* gorilla.mp4 */ = {isa = PBXFileReference; lastKnownFileType = file; path = gorilla.mp4; sourceTree = "<group>"; };
		45BD5F342944809A00939603 /* zebra.mp4 */ = {isa = PBXFileReference; lastKnownFileType = file; path = zebra.mp4; sourceTree = "<group>"; };
		45BD5F352944809A00939603 /* cheetah.mp4 */ = {isa = PBXFileReference; lastKnownFileType = file; path = cheetah.mp4; sourceTree = "<group>"; };
		45BD5F362944809B00939603 /* rhino.mp4 */ = {isa = PBXFileReference; lastKnownFileType = file; path = rhino.mp4; sourceTree = "<group>"; };
		45BD5F382944810B00939603 /* locations.json */ = {isa = PBXFileReference; fileEncoding = 4; lastKnownFileType = text.json; path = locations.json; sourceTree = "<group>"; };
		45BD5F392944810B00939603 /* covers.json */ = {isa = PBXFileReference; fileEncoding = 4; lastKnownFileType = text.json; path = covers.json; sourceTree = "<group>"; };
		45BD5F3A2944810B00939603 /* animals.json */ = {isa = PBXFileReference; fileEncoding = 4; lastKnownFileType = text.json; path = animals.json; sourceTree = "<group>"; };
		45BD5F3B2944810B00939603 /* videos.json */ = {isa = PBXFileReference; fileEncoding = 4; lastKnownFileType = text.json; path = videos.json; sourceTree = "<group>"; };
		45BD5F40294481CE00939603 /* Info.plist */ = {isa = PBXFileReference; lastKnownFileType = text.plist; path = Info.plist; sourceTree = "<group>"; };
		45BD5F422944832200939603 /* VideoListView.swift */ = {isa = PBXFileReference; lastKnownFileType = sourcecode.swift; path = VideoListView.swift; sourceTree = "<group>"; };
		45BD5F442944833500939603 /* MapView.swift */ = {isa = PBXFileReference; lastKnownFileType = sourcecode.swift; path = MapView.swift; sourceTree = "<group>"; };
		45BD5F462944837D00939603 /* GalleryView.swift */ = {isa = PBXFileReference; lastKnownFileType = sourcecode.swift; path = GalleryView.swift; sourceTree = "<group>"; };
		45BD5F48294483A300939603 /* MainView.swift */ = {isa = PBXFileReference; lastKnownFileType = sourcecode.swift; path = MainView.swift; sourceTree = "<group>"; };
		45BD5F4B294596D600939603 /* CoverImageView.swift */ = {isa = PBXFileReference; lastKnownFileType = sourcecode.swift; path = CoverImageView.swift; sourceTree = "<group>"; };
		45BD5F4E29459A9700939603 /* CoverImageModel.swift */ = {isa = PBXFileReference; lastKnownFileType = sourcecode.swift; path = CoverImageModel.swift; sourceTree = "<group>"; };
		45BD5F5129459C0000939603 /* CodableBundleExtension.swift */ = {isa = PBXFileReference; lastKnownFileType = sourcecode.swift; path = CodableBundleExtension.swift; sourceTree = "<group>"; };
		45BD5F532945A26200939603 /* AnimalListItemView.swift */ = {isa = PBXFileReference; lastKnownFileType = sourcecode.swift; path = AnimalListItemView.swift; sourceTree = "<group>"; };
		45BD5F552945A66B00939603 /* AnimalModel.swift */ = {isa = PBXFileReference; lastKnownFileType = sourcecode.swift; path = AnimalModel.swift; sourceTree = "<group>"; };
		45BD5F572945AF5D00939603 /* AnimalDetailView.swift */ = {isa = PBXFileReference; lastKnownFileType = sourcecode.swift; path = AnimalDetailView.swift; sourceTree = "<group>"; };
		45BD5F592945B3BF00939603 /* HeadingView.swift */ = {isa = PBXFileReference; lastKnownFileType = sourcecode.swift; path = HeadingView.swift; sourceTree = "<group>"; };
		45BD5F5B2945B50500939603 /* InsetGalleryView.swift */ = {isa = PBXFileReference; lastKnownFileType = sourcecode.swift; path = InsetGalleryView.swift; sourceTree = "<group>"; };
		45BD5F5D2947F9A100939603 /* InsetFactView.swift */ = {isa = PBXFileReference; lastKnownFileType = sourcecode.swift; path = InsetFactView.swift; sourceTree = "<group>"; };
		45BD5F612948003C00939603 /* InsetMapView.swift */ = {isa = PBXFileReference; lastKnownFileType = sourcecode.swift; path = InsetMapView.swift; sourceTree = "<group>"; };
		45BD5F63294813D600939603 /* ExternalWebLinkView.swift */ = {isa = PBXFileReference; lastKnownFileType = sourcecode.swift; path = ExternalWebLinkView.swift; sourceTree = "<group>"; };
		45BD5F6529481A8100939603 /* VideoModel.swift */ = {isa = PBXFileReference; lastKnownFileType = sourcecode.swift; path = VideoModel.swift; sourceTree = "<group>"; };
		45BD5F6729481ADB00939603 /* VideoListItemView.swift */ = {isa = PBXFileReference; lastKnownFileType = sourcecode.swift; path = VideoListItemView.swift; sourceTree = "<group>"; };
/* End PBXFileReference section */

/* Begin PBXFrameworksBuildPhase section */
		45BD5F1829447B3A00939603 /* Frameworks */ = {
			isa = PBXFrameworksBuildPhase;
			buildActionMask = 2147483647;
			files = (
			);
			runOnlyForDeploymentPostprocessing = 0;
		};
/* End PBXFrameworksBuildPhase section */

/* Begin PBXGroup section */
		45B7EAF52948616C00AE752C /* Utils */ = {
			isa = PBXGroup;
			children = (
				45B7EAF62948618800AE752C /* VidioPlayerHelper.swift */,
			);
			path = Utils;
			sourceTree = "<group>";
		};
		45BD5F1229447B3A00939603 = {
			isa = PBXGroup;
			children = (
				45BD5F1D29447B3A00939603 /* Africa */,
				45BD5F1C29447B3A00939603 /* Products */,
			);
			sourceTree = "<group>";
		};
		45BD5F1C29447B3A00939603 /* Products */ = {
			isa = PBXGroup;
			children = (
				45BD5F1B29447B3A00939603 /* Africa.app */,
			);
			name = Products;
			sourceTree = "<group>";
		};
		45BD5F1D29447B3A00939603 /* Africa */ = {
			isa = PBXGroup;
			children = (
				45BD5F40294481CE00939603 /* Info.plist */,
				45B7EAF52948616C00AE752C /* Utils */,
				45BD5F5029459BE900939603 /* Extension */,
				45BD5F4D29459A8100939603 /* Model */,
				45BD5F37294480F800939603 /* Data */,
				45BD5F2C2944807600939603 /* Video */,
				45BD5F4A294596C000939603 /* View */,
				45BD5F41294482EF00939603 /* App */,
				45BD5F2229447B3C00939603 /* Assets.xcassets */,
				45BD5F2429447B3C00939603 /* Preview Content */,
			);
			path = Africa;
			sourceTree = "<group>";
		};
		45BD5F2429447B3C00939603 /* Preview Content */ = {
			isa = PBXGroup;
			children = (
				45BD5F2529447B3C00939603 /* Preview Assets.xcassets */,
			);
			path = "Preview Content";
			sourceTree = "<group>";
		};
		45BD5F2C2944807600939603 /* Video */ = {
			isa = PBXGroup;
			children = (
				45BD5F352944809A00939603 /* cheetah.mp4 */,
				45BD5F2D2944809800939603 /* elephant.mp4 */,
				45BD5F322944809900939603 /* giraffe.mp4 */,
				45BD5F332944809A00939603 /* gorilla.mp4 */,
				45BD5F2F2944809800939603 /* hippo.mp4 */,
				45BD5F2E2944809800939603 /* lion.mp4 */,
				45BD5F302944809900939603 /* lioness.mp4 */,
				45BD5F312944809900939603 /* ostrich.mp4 */,
				45BD5F362944809B00939603 /* rhino.mp4 */,
				45BD5F342944809A00939603 /* zebra.mp4 */,
			);
			path = Video;
			sourceTree = "<group>";
		};
		45BD5F37294480F800939603 /* Data */ = {
			isa = PBXGroup;
			children = (
				45BD5F3A2944810B00939603 /* animals.json */,
				45BD5F392944810B00939603 /* covers.json */,
				45BD5F382944810B00939603 /* locations.json */,
				45BD5F3B2944810B00939603 /* videos.json */,
			);
			path = Data;
			sourceTree = "<group>";
		};
		45BD5F41294482EF00939603 /* App */ = {
			isa = PBXGroup;
			children = (
				45BD5F1E29447B3A00939603 /* AfricaApp.swift */,
				45BD5F2029447B3A00939603 /* ContentView.swift */,
				45BD5F422944832200939603 /* VideoListView.swift */,
				45BD5F442944833500939603 /* MapView.swift */,
				45BD5F462944837D00939603 /* GalleryView.swift */,
				45BD5F48294483A300939603 /* MainView.swift */,
			);
			path = App;
			sourceTree = "<group>";
		};
		45BD5F4A294596C000939603 /* View */ = {
			isa = PBXGroup;
			children = (
				45BD5F4B294596D600939603 /* CoverImageView.swift */,
				45BD5F532945A26200939603 /* AnimalListItemView.swift */,
				45BD5F572945AF5D00939603 /* AnimalDetailView.swift */,
				45BD5F592945B3BF00939603 /* HeadingView.swift */,
				45BD5F5B2945B50500939603 /* InsetGalleryView.swift */,
				45BD5F5D2947F9A100939603 /* InsetFactView.swift */,
				45BD5F612948003C00939603 /* InsetMapView.swift */,
				45BD5F63294813D600939603 /* ExternalWebLinkView.swift */,
				45BD5F6729481ADB00939603 /* VideoListItemView.swift */,
				45B7EAE929485D1400AE752C /* VideoPlayerView.swift */,
				45B7EAFA2948A46E00AE752C /* MapAnnotaionView.swift */,
				45B7EAFC2949A27600AE752C /* MotionAnimationView.swift */,
			);
			path = View;
			sourceTree = "<group>";
		};
		45BD5F4D29459A8100939603 /* Model */ = {
			isa = PBXGroup;
			children = (
				45BD5F4E29459A9700939603 /* CoverImageModel.swift */,
				45BD5F552945A66B00939603 /* AnimalModel.swift */,
				45BD5F6529481A8100939603 /* VideoModel.swift */,
				45B7EAF82948676900AE752C /* LocationModel.swift */,
			);
			path = Model;
			sourceTree = "<group>";
		};
		45BD5F5029459BE900939603 /* Extension */ = {
			isa = PBXGroup;
			children = (
				45BD5F5129459C0000939603 /* CodableBundleExtension.swift */,
			);
			path = Extension;
			sourceTree = "<group>";
		};
/* End PBXGroup section */

/* Begin PBXNativeTarget section */
		45BD5F1A29447B3A00939603 /* Africa */ = {
			isa = PBXNativeTarget;
			buildConfigurationList = 45BD5F2929447B3C00939603 /* Build configuration list for PBXNativeTarget "Africa" */;
			buildPhases = (
				45BD5F1729447B3A00939603 /* Sources */,
				45BD5F1829447B3A00939603 /* Frameworks */,
				45BD5F1929447B3A00939603 /* Resources */,
			);
			buildRules = (
			);
			dependencies = (
			);
			name = Africa;
			productName = Africa;
			productReference = 45BD5F1B29447B3A00939603 /* Africa.app */;
			productType = "com.apple.product-type.application";
		};
/* End PBXNativeTarget section */

/* Begin PBXProject section */
		45BD5F1329447B3A00939603 /* Project object */ = {
			isa = PBXProject;
			attributes = {
				BuildIndependentTargetsInParallel = 1;
				LastSwiftUpdateCheck = 1410;
				LastUpgradeCheck = 1410;
				TargetAttributes = {
					45BD5F1A29447B3A00939603 = {
						CreatedOnToolsVersion = 14.1;
					};
				};
			};
			buildConfigurationList = 45BD5F1629447B3A00939603 /* Build configuration list for PBXProject "Africa" */;
			compatibilityVersion = "Xcode 14.0";
			developmentRegion = en;
			hasScannedForEncodings = 0;
			knownRegions = (
				en,
				Base,
			);
			mainGroup = 45BD5F1229447B3A00939603;
			productRefGroup = 45BD5F1C29447B3A00939603 /* Products */;
			projectDirPath = "";
			projectRoot = "";
			targets = (
				45BD5F1A29447B3A00939603 /* Africa */,
			);
		};
/* End PBXProject section */

/* Begin PBXResourcesBuildPhase section */
		45BD5F1929447B3A00939603 /* Resources */ = {
			isa = PBXResourcesBuildPhase;
			buildActionMask = 2147483647;
			files = (
				45BD5F3E2944810B00939603 /* animals.json in Resources */,
				45B7EAEF2948602200AE752C /* hippo.mp4 in Resources */,
				45BD5F2629447B3C00939603 /* Preview Assets.xcassets in Resources */,
				45B7EAEE2948602200AE752C /* gorilla.mp4 in Resources */,
				45BD5F3D2944810B00939603 /* covers.json in Resources */,
				45B7EAED2948602200AE752C /* rhino.mp4 in Resources */,
				45B7EAF12948602200AE752C /* ostrich.mp4 in Resources */,
				45BD5F3C2944810B00939603 /* locations.json in Resources */,
				45B7EAEC2948601E00AE752C /* elephant.mp4 in Resources */,
				45BD5F2329447B3C00939603 /* Assets.xcassets in Resources */,
				45BD5F3F2944810B00939603 /* videos.json in Resources */,
				45B7EAEB2948601C00AE752C /* cheetah.mp4 in Resources */,
				45B7EAF22948602200AE752C /* zebra.mp4 in Resources */,
				45B7EAF32948602200AE752C /* lion.mp4 in Resources */,
				45B7EAF42948602200AE752C /* giraffe.mp4 in Resources */,
				45B7EAF02948602200AE752C /* lioness.mp4 in Resources */,
			);
			runOnlyForDeploymentPostprocessing = 0;
		};
/* End PBXResourcesBuildPhase section */

/* Begin PBXSourcesBuildPhase section */
		45BD5F1729447B3A00939603 /* Sources */ = {
			isa = PBXSourcesBuildPhase;
			buildActionMask = 2147483647;
			files = (
				45BD5F6829481ADB00939603 /* VideoListItemView.swift in Sources */,
				45BD5F5229459C0000939603 /* CodableBundleExtension.swift in Sources */,
				45BD5F542945A26200939603 /* AnimalListItemView.swift in Sources */,
				45BD5F2129447B3A00939603 /* ContentView.swift in Sources */,
				45BD5F5E2947F9A200939603 /* InsetFactView.swift in Sources */,
				45BD5F49294483A300939603 /* MainView.swift in Sources */,
				45BD5F4C294596D600939603 /* CoverImageView.swift in Sources */,
				45BD5F64294813D700939603 /* ExternalWebLinkView.swift in Sources */,
				45BD5F582945AF5D00939603 /* AnimalDetailView.swift in Sources */,
				45BD5F562945A66B00939603 /* AnimalModel.swift in Sources */,
				45BD5F4F29459A9700939603 /* CoverImageModel.swift in Sources */,
				45BD5F622948003C00939603 /* InsetMapView.swift in Sources */,
				45B7EAF72948618800AE752C /* VidioPlayerHelper.swift in Sources */,
				45BD5F452944833500939603 /* MapView.swift in Sources */,
				45BD5F1F29447B3A00939603 /* AfricaApp.swift in Sources */,
				45BD5F6629481A8100939603 /* VideoModel.swift in Sources */,
				45B7EAF92948676900AE752C /* LocationModel.swift in Sources */,
				45BD5F432944832200939603 /* VideoListView.swift in Sources */,
				45BD5F5C2945B50500939603 /* InsetGalleryView.swift in Sources */,
				45BD5F472944837D00939603 /* GalleryView.swift in Sources */,
				45BD5F5A2945B3BF00939603 /* HeadingView.swift in Sources */,
				45B7EAFD2949A27600AE752C /* MotionAnimationView.swift in Sources */,
				45B7EAFB2948A46E00AE752C /* MapAnnotaionView.swift in Sources */,
				45B7EAEA29485D1400AE752C /* VideoPlayerView.swift in Sources */,
			);
			runOnlyForDeploymentPostprocessing = 0;
		};
/* End PBXSourcesBuildPhase section */

/* Begin XCBuildConfiguration section */
		45BD5F2729447B3C00939603 /* Debug */ = {
			isa = XCBuildConfiguration;
			buildSettings = {
				ALWAYS_SEARCH_USER_PATHS = NO;
				CLANG_ANALYZER_NONNULL = YES;
				CLANG_ANALYZER_NUMBER_OBJECT_CONVERSION = YES_AGGRESSIVE;
				CLANG_CXX_LANGUAGE_STANDARD = "gnu++20";
				CLANG_ENABLE_MODULES = YES;
				CLANG_ENABLE_OBJC_ARC = YES;
				CLANG_ENABLE_OBJC_WEAK = YES;
				CLANG_WARN_BLOCK_CAPTURE_AUTORELEASING = YES;
				CLANG_WARN_BOOL_CONVERSION = YES;
				CLANG_WARN_COMMA = YES;
				CLANG_WARN_CONSTANT_CONVERSION = YES;
				CLANG_WARN_DEPRECATED_OBJC_IMPLEMENTATIONS = YES;
				CLANG_WARN_DIRECT_OBJC_ISA_USAGE = YES_ERROR;
				CLANG_WARN_DOCUMENTATION_COMMENTS = YES;
				CLANG_WARN_EMPTY_BODY = YES;
				CLANG_WARN_ENUM_CONVERSION = YES;
				CLANG_WARN_INFINITE_RECURSION = YES;
				CLANG_WARN_INT_CONVERSION = YES;
				CLANG_WARN_NON_LITERAL_NULL_CONVERSION = YES;
				CLANG_WARN_OBJC_IMPLICIT_RETAIN_SELF = YES;
				CLANG_WARN_OBJC_LITERAL_CONVERSION = YES;
				CLANG_WARN_OBJC_ROOT_CLASS = YES_ERROR;
				CLANG_WARN_QUOTED_INCLUDE_IN_FRAMEWORK_HEADER = YES;
				CLANG_WARN_RANGE_LOOP_ANALYSIS = YES;
				CLANG_WARN_STRICT_PROTOTYPES = YES;
				CLANG_WARN_SUSPICIOUS_MOVE = YES;
				CLANG_WARN_UNGUARDED_AVAILABILITY = YES_AGGRESSIVE;
				CLANG_WARN_UNREACHABLE_CODE = YES;
				CLANG_WARN__DUPLICATE_METHOD_MATCH = YES;
				COPY_PHASE_STRIP = NO;
				DEBUG_INFORMATION_FORMAT = dwarf;
				ENABLE_STRICT_OBJC_MSGSEND = YES;
				ENABLE_TESTABILITY = YES;
				GCC_C_LANGUAGE_STANDARD = gnu11;
				GCC_DYNAMIC_NO_PIC = NO;
				GCC_NO_COMMON_BLOCKS = YES;
				GCC_OPTIMIZATION_LEVEL = 0;
				GCC_PREPROCESSOR_DEFINITIONS = (
					"DEBUG=1",
					"$(inherited)",
				);
				GCC_WARN_64_TO_32_BIT_CONVERSION = YES;
				GCC_WARN_ABOUT_RETURN_TYPE = YES_ERROR;
				GCC_WARN_UNDECLARED_SELECTOR = YES;
				GCC_WARN_UNINITIALIZED_AUTOS = YES_AGGRESSIVE;
				GCC_WARN_UNUSED_FUNCTION = YES;
				GCC_WARN_UNUSED_VARIABLE = YES;
				IPHONEOS_DEPLOYMENT_TARGET = 16.1;
				MTL_ENABLE_DEBUG_INFO = INCLUDE_SOURCE;
				MTL_FAST_MATH = YES;
				ONLY_ACTIVE_ARCH = YES;
				SDKROOT = iphoneos;
				SWIFT_ACTIVE_COMPILATION_CONDITIONS = DEBUG;
				SWIFT_OPTIMIZATION_LEVEL = "-Onone";
			};
			name = Debug;
		};
		45BD5F2829447B3C00939603 /* Release */ = {
			isa = XCBuildConfiguration;
			buildSettings = {
				ALWAYS_SEARCH_USER_PATHS = NO;
				CLANG_ANALYZER_NONNULL = YES;
				CLANG_ANALYZER_NUMBER_OBJECT_CONVERSION = YES_AGGRESSIVE;
				CLANG_CXX_LANGUAGE_STANDARD = "gnu++20";
				CLANG_ENABLE_MODULES = YES;
				CLANG_ENABLE_OBJC_ARC = YES;
				CLANG_ENABLE_OBJC_WEAK = YES;
				CLANG_WARN_BLOCK_CAPTURE_AUTORELEASING = YES;
				CLANG_WARN_BOOL_CONVERSION = YES;
				CLANG_WARN_COMMA = YES;
				CLANG_WARN_CONSTANT_CONVERSION = YES;
				CLANG_WARN_DEPRECATED_OBJC_IMPLEMENTATIONS = YES;
				CLANG_WARN_DIRECT_OBJC_ISA_USAGE = YES_ERROR;
				CLANG_WARN_DOCUMENTATION_COMMENTS = YES;
				CLANG_WARN_EMPTY_BODY = YES;
				CLANG_WARN_ENUM_CONVERSION = YES;
				CLANG_WARN_INFINITE_RECURSION = YES;
				CLANG_WARN_INT_CONVERSION = YES;
				CLANG_WARN_NON_LITERAL_NULL_CONVERSION = YES;
				CLANG_WARN_OBJC_IMPLICIT_RETAIN_SELF = YES;
				CLANG_WARN_OBJC_LITERAL_CONVERSION = YES;
				CLANG_WARN_OBJC_ROOT_CLASS = YES_ERROR;
				CLANG_WARN_QUOTED_INCLUDE_IN_FRAMEWORK_HEADER = YES;
				CLANG_WARN_RANGE_LOOP_ANALYSIS = YES;
				CLANG_WARN_STRICT_PROTOTYPES = YES;
				CLANG_WARN_SUSPICIOUS_MOVE = YES;
				CLANG_WARN_UNGUARDED_AVAILABILITY = YES_AGGRESSIVE;
				CLANG_WARN_UNREACHABLE_CODE = YES;
				CLANG_WARN__DUPLICATE_METHOD_MATCH = YES;
				COPY_PHASE_STRIP = NO;
				DEBUG_INFORMATION_FORMAT = "dwarf-with-dsym";
				ENABLE_NS_ASSERTIONS = NO;
				ENABLE_STRICT_OBJC_MSGSEND = YES;
				GCC_C_LANGUAGE_STANDARD = gnu11;
				GCC_NO_COMMON_BLOCKS = YES;
				GCC_WARN_64_TO_32_BIT_CONVERSION = YES;
				GCC_WARN_ABOUT_RETURN_TYPE = YES_ERROR;
				GCC_WARN_UNDECLARED_SELECTOR = YES;
				GCC_WARN_UNINITIALIZED_AUTOS = YES_AGGRESSIVE;
				GCC_WARN_UNUSED_FUNCTION = YES;
				GCC_WARN_UNUSED_VARIABLE = YES;
				IPHONEOS_DEPLOYMENT_TARGET = 16.1;
				MTL_ENABLE_DEBUG_INFO = NO;
				MTL_FAST_MATH = YES;
				SDKROOT = iphoneos;
				SWIFT_COMPILATION_MODE = wholemodule;
				SWIFT_OPTIMIZATION_LEVEL = "-O";
				VALIDATE_PRODUCT = YES;
			};
			name = Release;
		};
		45BD5F2A29447B3C00939603 /* Debug */ = {
			isa = XCBuildConfiguration;
			buildSettings = {
				ASSETCATALOG_COMPILER_APPICON_NAME = AppIcon;
				ASSETCATALOG_COMPILER_GLOBAL_ACCENT_COLOR_NAME = AccentColor;
				CODE_SIGN_STYLE = Automatic;
				CURRENT_PROJECT_VERSION = 1;
				DEVELOPMENT_ASSET_PATHS = "\"Africa/Preview Content\"";
				DEVELOPMENT_TEAM = 433LH3TNXX;
				ENABLE_PREVIEWS = YES;
				GENERATE_INFOPLIST_FILE = YES;
				INFOPLIST_FILE = Africa/Info.plist;
				INFOPLIST_KEY_LSApplicationCategoryType = "";
				INFOPLIST_KEY_UIApplicationSceneManifest_Generation = YES;
				INFOPLIST_KEY_UIApplicationSupportsIndirectInputEvents = YES;
				INFOPLIST_KEY_UISupportedInterfaceOrientations = UIInterfaceOrientationPortrait;
				INFOPLIST_KEY_UIUserInterfaceStyle = Dark;
				LD_RUNPATH_SEARCH_PATHS = (
					"$(inherited)",
					"@executable_path/Frameworks",
				);
				MARKETING_VERSION = 1.0;
				PRODUCT_BUNDLE_IDENTIFIER = com.yeonBlue.Africa;
				PRODUCT_NAME = "$(TARGET_NAME)";
				SWIFT_EMIT_LOC_STRINGS = YES;
				SWIFT_VERSION = 5.0;
				TARGETED_DEVICE_FAMILY = "1,2";
			};
			name = Debug;
		};
		45BD5F2B29447B3C00939603 /* Release */ = {
			isa = XCBuildConfiguration;
			buildSettings = {
				ASSETCATALOG_COMPILER_APPICON_NAME = AppIcon;
				ASSETCATALOG_COMPILER_GLOBAL_ACCENT_COLOR_NAME = AccentColor;
				CODE_SIGN_STYLE = Automatic;
				CURRENT_PROJECT_VERSION = 1;
				DEVELOPMENT_ASSET_PATHS = "\"Africa/Preview Content\"";
				DEVELOPMENT_TEAM = 433LH3TNXX;
				ENABLE_PREVIEWS = YES;
				GENERATE_INFOPLIST_FILE = YES;
				INFOPLIST_FILE = Africa/Info.plist;
				INFOPLIST_KEY_LSApplicationCategoryType = "";
				INFOPLIST_KEY_UIApplicationSceneManifest_Generation = YES;
				INFOPLIST_KEY_UIApplicationSupportsIndirectInputEvents = YES;
				INFOPLIST_KEY_UISupportedInterfaceOrientations = UIInterfaceOrientationPortrait;
				INFOPLIST_KEY_UIUserInterfaceStyle = Dark;
				LD_RUNPATH_SEARCH_PATHS = (
					"$(inherited)",
					"@executable_path/Frameworks",
				);
				MARKETING_VERSION = 1.0;
				PRODUCT_BUNDLE_IDENTIFIER = com.yeonBlue.Africa;
				PRODUCT_NAME = "$(TARGET_NAME)";
				SWIFT_EMIT_LOC_STRINGS = YES;
				SWIFT_VERSION = 5.0;
				TARGETED_DEVICE_FAMILY = "1,2";
			};
			name = Release;
		};
/* End XCBuildConfiguration section */

/* Begin XCConfigurationList section */
		45BD5F1629447B3A00939603 /* Build configuration list for PBXProject "Africa" */ = {
			isa = XCConfigurationList;
			buildConfigurations = (
				45BD5F2729447B3C00939603 /* Debug */,
				45BD5F2829447B3C00939603 /* Release */,
			);
			defaultConfigurationIsVisible = 0;
			defaultConfigurationName = Release;
		};
		45BD5F2929447B3C00939603 /* Build configuration list for PBXNativeTarget "Africa" */ = {
			isa = XCConfigurationList;
			buildConfigurations = (
				45BD5F2A29447B3C00939603 /* Debug */,
				45BD5F2B29447B3C00939603 /* Release */,
			);
			defaultConfigurationIsVisible = 0;
			defaultConfigurationName = Release;
		};
/* End XCConfigurationList section */
	};
	rootObject = 45BD5F1329447B3A00939603 /* Project object */;
}
